// !$*UTF8*$!
{
	archiveVersion = 1;
	classes = {
	};
	objectVersion = 46;
	objects = {

/* Begin PBXBuildFile section */
		D364D4F51CACF13A00B5756B /* main.m in Sources */ = {isa = PBXBuildFile; fileRef = D364D4F41CACF13A00B5756B /* main.m */; };
		D364D4FD1CACF63D00B5756B /* Rectangle.m in Sources */ = {isa = PBXBuildFile; fileRef = D364D4FC1CACF63D00B5756B /* Rectangle.m */; };
		D364D5001CACF69C00B5756B /* XYPoint.m in Sources */ = {isa = PBXBuildFile; fileRef = D364D4FF1CACF69C00B5756B /* XYPoint.m */; };
/* End PBXBuildFile section */

/* Begin PBXCopyFilesBuildPhase section */
		D364D4EF1CACF13A00B5756B /* CopyFiles */ = {
			isa = PBXCopyFilesBuildPhase;
			buildActionMask = 2147483647;
			dstPath = /usr/share/man/man1/;
			dstSubfolderSpec = 0;
			files = (
			);
			runOnlyForDeploymentPostprocessing = 1;
		};
/* End PBXCopyFilesBuildPhase section */

/* Begin PBXFileReference section */
		D364D4F11CACF13A00B5756B /* Program10_1 */ = {isa = PBXFileReference; explicitFileType = "compiled.mach-o.executable"; includeInIndex = 0; path = Program10_1; sourceTree = BUILT_PRODUCTS_DIR; };
		D364D4F41CACF13A00B5756B /* main.m */ = {isa = PBXFileReference; lastKnownFileType = sourcecode.c.objc; path = main.m; sourceTree = "<group>"; };
		D364D4FB1CACF63D00B5756B /* Rectangle.h */ = {isa = PBXFileReference; fileEncoding = 4; lastKnownFileType = sourcecode.c.h; path = Rectangle.h; sourceTree = "<group>"; };
		D364D4FC1CACF63D00B5756B /* Rectangle.m */ = {isa = PBXFileReference; fileEncoding = 4; lastKnownFileType = sourcecode.c.objc; path = Rectangle.m; sourceTree = "<group>"; };
		D364D4FE1CACF69C00B5756B /* XYPoint.h */ = {isa = PBXFileReference; fileEncoding = 4; lastKnownFileType = sourcecode.c.h; path = XYPoint.h; sourceTree = "<group>"; };
		D364D4FF1CACF69C00B5756B /* XYPoint.m */ = {isa = PBXFileReference; fileEncoding = 4; lastKnownFileType = sourcecode.c.objc; path = XYPoint.m; sourceTree = "<group>"; };
/* End PBXFileReference section */

/* Begin PBXFrameworksBuildPhase section */
		D364D4EE1CACF13A00B5756B /* Frameworks */ = {
			isa = PBXFrameworksBuildPhase;
			buildActionMask = 2147483647;
			files = (
			);
			runOnlyForDeploymentPostprocessing = 0;
		};
/* End PBXFrameworksBuildPhase section */

/* Begin PBXGroup section */
		D364D4E81CACF13A00B5756B = {
			isa = PBXGroup;
			children = (
				D364D4F31CACF13A00B5756B /* Program10_1 */,
				D364D4F21CACF13A00B5756B /* Products */,
			);
			sourceTree = "<group>";
		};
		D364D4F21CACF13A00B5756B /* Products */ = {
			isa = PBXGroup;
			children = (
				D364D4F11CACF13A00B5756B /* Program10_1 */,
			);
			name = Products;
			sourceTree = "<group>";
		};
		D364D4F31CACF13A00B5756B /* Program10_1 */ = {
			isa = PBXGroup;
			children = (
				D364D4F41CACF13A00B5756B /* main.m */,
				D364D4FB1CACF63D00B5756B /* Rectangle.h */,
				D364D4FC1CACF63D00B5756B /* Rectangle.m */,
				D364D4FE1CACF69C00B5756B /* XYPoint.h */,
				D364D4FF1CACF69C00B5756B /* XYPoint.m */,
			);
			path = Program10_1;
			sourceTree = "<group>";
		};
/* End PBXGroup section */

/* Begin PBXNativeTarget section */
		D364D4F01CACF13A00B5756B /* Program10_1 */ = {
			isa = PBXNativeTarget;
			buildConfigurationList = D364D4F81CACF13A00B5756B /* Build configuration list for PBXNativeTarget "Program10_1" */;
			buildPhases = (
				D364D4ED1CACF13A00B5756B /* Sources */,
				D364D4EE1CACF13A00B5756B /* Frameworks */,
				D364D4EF1CACF13A00B5756B /* CopyFiles */,
			);
			buildRules = (
			);
			dependencies = (
			);
			name = Program10_1;
			productName = Program10_1;
			productReference = D364D4F11CACF13A00B5756B /* Program10_1 */;
			productType = "com.apple.product-type.tool";
		};
/* End PBXNativeTarget section */

/* Begin PBXProject section */
		D364D4E91CACF13A00B5756B /* Project object */ = {
			isa = PBXProject;
			attributes = {
				LastUpgradeCheck = 0730;
				ORGANIZATIONNAME = huangyc;
				TargetAttributes = {
					D364D4F01CACF13A00B5756B = {
						CreatedOnToolsVersion = 7.3;
					};
				};
			};
			buildConfigurationList = D364D4EC1CACF13A00B5756B /* Build configuration list for PBXProject "Program10_1" */;
			compatibilityVersion = "Xcode 3.2";
			developmentRegion = English;
			hasScannedForEncodings = 0;
			knownRegions = (
				en,
			);
			mainGroup = D364D4E81CACF13A00B5756B;
			productRefGroup = D364D4F21CACF13A00B5756B /* Products */;
			projectDirPath = "";
			projectRoot = "";
			targets = (
				D364D4F01CACF13A00B5756B /* Program10_1 */,
			);
		};
/* End PBXProject section */

/* Begin PBXSourcesBuildPhase section */
		D364D4ED1CACF13A00B5756B /* Sources */ = {
			isa = PBXSourcesBuildPhase;
			buildActionMask = 2147483647;
			files = (
				D364D4F51CACF13A00B5756B /* main.m in Sources */,
				D364D5001CACF69C00B5756B /* XYPoint.m in Sources */,
				D364D4FD1CACF63D00B5756B /* Rectangle.m in Sources */,
			);
			runOnlyForDeploymentPostprocessing = 0;
		};
/* End PBXSourcesBuildPhase section */

/* Begin XCBuildConfiguration section */
		D364D4F61CACF13A00B5756B /* Debug */ = {
			isa = XCBuildConfiguration;
			buildSettings = {
				ALWAYS_SEARCH_USER_PATHS = NO;
				CLANG_ANALYZER_NONNULL = YES;
				CLANG_CXX_LANGUAGE_STANDARD = "gnu++0x";
				CLANG_CXX_LIBRARY = "libc++";
				CLANG_ENABLE_MODULES = YES;
				CLANG_ENABLE_OBJC_ARC = YES;
				CLANG_WARN_BOOL_CONVERSION = YES;
				CLANG_WARN_CONSTANT_CONVERSION = YES;
				CLANG_WARN_DIRECT_OBJC_ISA_USAGE = YES_ERROR;
				CLANG_WARN_EMPTY_BODY = YES;
				CLANG_WARN_ENUM_CONVERSION = YES;
				CLANG_WARN_INT_CONVERSION = YES;
				CLANG_WARN_OBJC_ROOT_CLASS = YES_ERROR;
				CLANG_WARN_UNREACHABLE_CODE = YES;
				CLANG_WARN__DUPLICATE_METHOD_MATCH = YES;
				CODE_SIGN_IDENTITY = "-";
				COPY_PHASE_STRIP = NO;
				DEBUG_INFORMATION_FORMAT = dwarf;
				ENABLE_STRICT_OBJC_MSGSEND = YES;
				ENABLE_TESTABILITY = YES;
				GCC_C_LANGUAGE_STANDARD = gnu99;
				GCC_DYNAMIC_NO_PIC = NO;
				GCC_NO_COMMON_BLOCKS = YES;
				GCC_OPTIMIZATION_LEVEL = 0;
				GCC_PREPROCESSOR_DEFINITIONS = (
					"DEBUG=1",
					"$(inherited)",
				);
				GCC_WARN_64_TO_32_BIT_CONVERSION = YES;
				GCC_WARN_ABOUT_RETURN_TYPE = YES_ERROR;
				GCC_WARN_UNDECLARED_SELECTOR = YES;
				GCC_WARN_UNINITIALIZED_AUTOS = YES_AGGRESSIVE;
				GCC_WARN_UNUSED_FUNCTION = YES;
				GCC_WARN_UNUSED_VARIABLE = YES;
				MACOSX_DEPLOYMENT_TARGET = 10.11;
				MTL_ENABLE_DEBUG_INFO = YES;
				ONLY_ACTIVE_ARCH = YES;
				SDKROOT = macosx;
			};
			name = Debug;
		};
		D364D4F71CACF13A00B5756B /* Release */ = {
			isa = XCBuildConfiguration;
			buildSettings = {
				ALWAYS_SEARCH_USER_PATHS = NO;
				CLANG_ANALYZER_NONNULL = YES;
				CLANG_CXX_LANGUAGE_STANDARD = "gnu++0x";
				CLANG_CXX_LIBRARY = "libc++";
				CLANG_ENABLE_MODULES = YES;
				CLANG_ENABLE_OBJC_ARC = YES;
				CLANG_WARN_BOOL_CONVERSION = YES;
				CLANG_WARN_CONSTANT_CONVERSION = YES;
				CLANG_WARN_DIRECT_OBJC_ISA_USAGE = YES_ERROR;
				CLANG_WARN_EMPTY_BODY = YES;
				CLANG_WARN_ENUM_CONVERSION = YES;
				CLANG_WARN_INT_CONVERSION = YES;
				CLANG_WARN_OBJC_ROOT_CLASS = YES_ERROR;
				CLANG_WARN_UNREACHABLE_CODE = YES;
				CLANG_WARN__DUPLICATE_METHOD_MATCH = YES;
				CODE_SIGN_IDENTITY = "-";
				COPY_PHASE_STRIP = NO;
				DEBUG_INFORMATION_FORMAT = "dwarf-with-dsym";
				ENABLE_NS_ASSERTIONS = NO;
				ENABLE_STRICT_OBJC_MSGSEND = YES;
				GCC_C_LANGUAGE_STANDARD = gnu99;
				GCC_NO_COMMON_BLOCKS = YES;
				GCC_WARN_64_TO_32_BIT_CONVERSION = YES;
				GCC_WARN_ABOUT_RETURN_TYPE = YES_ERROR;
				GCC_WARN_UNDECLARED_SELECTOR = YES;
				GCC_WARN_UNINITIALIZED_AUTOS = YES_AGGRESSIVE;
				GCC_WARN_UNUSED_FUNCTION = YES;
				GCC_WARN_UNUSED_VARIABLE = YES;
				MACOSX_DEPLOYMENT_TARGET = 10.11;
				MTL_ENABLE_DEBUG_INFO = NO;
				SDKROOT = macosx;
			};
			name = Release;
		};
		D364D4F91CACF13A00B5756B /* Debug */ = {
			isa = XCBuildConfiguration;
			buildSettings = {
				PRODUCT_NAME = "$(TARGET_NAME)";
			};
			name = Debug;
		};
		D364D4FA1CACF13A00B5756B /* Release */ = {
			isa = XCBuildConfiguration;
			buildSettings = {
				PRODUCT_NAME = "$(TARGET_NAME)";
			};
			name = Release;
		};
/* End XCBuildConfiguration section */

/* Begin XCConfigurationList section */
		D364D4EC1CACF13A00B5756B /* Build configuration list for PBXProject "Program10_1" */ = {
			isa = XCConfigurationList;
			buildConfigurations = (
				D364D4F61CACF13A00B5756B /* Debug */,
				D364D4F71CACF13A00B5756B /* Release */,
			);
			defaultConfigurationIsVisible = 0;
			defaultConfigurationName = Release;
		};
		D364D4F81CACF13A00B5756B /* Build configuration list for PBXNativeTarget "Program10_1" */ = {
			isa = XCConfigurationList;
			buildConfigurations = (
				D364D4F91CACF13A00B5756B /* Debug */,
				D364D4FA1CACF13A00B5756B /* Release */,
			);
			defaultConfigurationIsVisible = 0;
		};
/* End XCConfigurationList section */
	};
	rootObject = D364D4E91CACF13A00B5756B /* Project object */;
}
