// !$*UTF8*$!
{
	archiveVersion = 1;
	classes = {
	};
	objectVersion = 46;
	objects = {

/* Begin PBXBuildFile section */
		D3FBAFAF1C8FFF920084003F /* AppDelegate.swift in Sources */ = {isa = PBXBuildFile; fileRef = D3FBAFAE1C8FFF920084003F /* AppDelegate.swift */; };
		D3FBAFB41C8FFF920084003F /* Main.storyboard in Resources */ = {isa = PBXBuildFile; fileRef = D3FBAFB21C8FFF920084003F /* Main.storyboard */; };
		D3FBAFB61C8FFF920084003F /* Assets.xcassets in Resources */ = {isa = PBXBuildFile; fileRef = D3FBAFB51C8FFF920084003F /* Assets.xcassets */; };
		D3FBAFB91C8FFF920084003F /* LaunchScreen.storyboard in Resources */ = {isa = PBXBuildFile; fileRef = D3FBAFB71C8FFF920084003F /* LaunchScreen.storyboard */; };
		D3FBAFC11C9000AF0084003F /* HYCViewController.swift in Sources */ = {isa = PBXBuildFile; fileRef = D3FBAFC01C9000AF0084003F /* HYCViewController.swift */; };
/* End PBXBuildFile section */

/* Begin PBXFileReference section */
		D3FBAFAB1C8FFF920084003F /* SwiftFristApp.app */ = {isa = PBXFileReference; explicitFileType = wrapper.application; includeInIndex = 0; path = SwiftFristApp.app; sourceTree = BUILT_PRODUCTS_DIR; };
		D3FBAFAE1C8FFF920084003F /* AppDelegate.swift */ = {isa = PBXFileReference; lastKnownFileType = sourcecode.swift; path = AppDelegate.swift; sourceTree = "<group>"; };
		D3FBAFB31C8FFF920084003F /* Base */ = {isa = PBXFileReference; lastKnownFileType = file.storyboard; name = Base; path = Base.lproj/Main.storyboard; sourceTree = "<group>"; };
		D3FBAFB51C8FFF920084003F /* Assets.xcassets */ = {isa = PBXFileReference; lastKnownFileType = folder.assetcatalog; path = Assets.xcassets; sourceTree = "<group>"; };
		D3FBAFB81C8FFF920084003F /* Base */ = {isa = PBXFileReference; lastKnownFileType = file.storyboard; name = Base; path = Base.lproj/LaunchScreen.storyboard; sourceTree = "<group>"; };
		D3FBAFBA1C8FFF920084003F /* Info.plist */ = {isa = PBXFileReference; lastKnownFileType = text.plist.xml; path = Info.plist; sourceTree = "<group>"; };
		D3FBAFC01C9000AF0084003F /* HYCViewController.swift */ = {isa = PBXFileReference; fileEncoding = 4; lastKnownFileType = sourcecode.swift; path = HYCViewController.swift; sourceTree = "<group>"; };
/* End PBXFileReference section */

/* Begin PBXFrameworksBuildPhase section */
		D3FBAFA81C8FFF920084003F /* Frameworks */ = {
			isa = PBXFrameworksBuildPhase;
			buildActionMask = 2147483647;
			files = (
			);
			runOnlyForDeploymentPostprocessing = 0;
		};
/* End PBXFrameworksBuildPhase section */

/* Begin PBXGroup section */
		D3FBAFA21C8FFF920084003F = {
			isa = PBXGroup;
			children = (
				D3FBAFAD1C8FFF920084003F /* SwiftFristApp */,
				D3FBAFAC1C8FFF920084003F /* Products */,
			);
			sourceTree = "<group>";
		};
		D3FBAFAC1C8FFF920084003F /* Products */ = {
			isa = PBXGroup;
			children = (
				D3FBAFAB1C8FFF920084003F /* SwiftFristApp.app */,
			);
			name = Products;
			sourceTree = "<group>";
		};
		D3FBAFAD1C8FFF920084003F /* SwiftFristApp */ = {
			isa = PBXGroup;
			children = (
				D3FBAFAE1C8FFF920084003F /* AppDelegate.swift */,
				D3FBAFB21C8FFF920084003F /* Main.storyboard */,
				D3FBAFB51C8FFF920084003F /* Assets.xcassets */,
				D3FBAFB71C8FFF920084003F /* LaunchScreen.storyboard */,
				D3FBAFBA1C8FFF920084003F /* Info.plist */,
				D3FBAFC01C9000AF0084003F /* HYCViewController.swift */,
			);
			path = SwiftFristApp;
			sourceTree = "<group>";
		};
/* End PBXGroup section */

/* Begin PBXNativeTarget section */
		D3FBAFAA1C8FFF920084003F /* SwiftFristApp */ = {
			isa = PBXNativeTarget;
			buildConfigurationList = D3FBAFBD1C8FFF920084003F /* Build configuration list for PBXNativeTarget "SwiftFristApp" */;
			buildPhases = (
				D3FBAFA71C8FFF920084003F /* Sources */,
				D3FBAFA81C8FFF920084003F /* Frameworks */,
				D3FBAFA91C8FFF920084003F /* Resources */,
			);
			buildRules = (
			);
			dependencies = (
			);
			name = SwiftFristApp;
			productName = SwiftFristApp;
			productReference = D3FBAFAB1C8FFF920084003F /* SwiftFristApp.app */;
			productType = "com.apple.product-type.application";
		};
/* End PBXNativeTarget section */

/* Begin PBXProject section */
		D3FBAFA31C8FFF920084003F /* Project object */ = {
			isa = PBXProject;
			attributes = {
				LastSwiftUpdateCheck = 0720;
				LastUpgradeCheck = 0720;
				ORGANIZATIONNAME = huangyc;
				TargetAttributes = {
					D3FBAFAA1C8FFF920084003F = {
						CreatedOnToolsVersion = 7.2.1;
						DevelopmentTeam = 2YC4CL2FUJ;
					};
				};
			};
			buildConfigurationList = D3FBAFA61C8FFF920084003F /* Build configuration list for PBXProject "SwiftFristApp" */;
			compatibilityVersion = "Xcode 3.2";
			developmentRegion = English;
			hasScannedForEncodings = 0;
			knownRegions = (
				en,
				Base,
			);
			mainGroup = D3FBAFA21C8FFF920084003F;
			productRefGroup = D3FBAFAC1C8FFF920084003F /* Products */;
			projectDirPath = "";
			projectRoot = "";
			targets = (
				D3FBAFAA1C8FFF920084003F /* SwiftFristApp */,
			);
		};
/* End PBXProject section */

/* Begin PBXResourcesBuildPhase section */
		D3FBAFA91C8FFF920084003F /* Resources */ = {
			isa = PBXResourcesBuildPhase;
			buildActionMask = 2147483647;
			files = (
				D3FBAFB91C8FFF920084003F /* LaunchScreen.storyboard in Resources */,
				D3FBAFB61C8FFF920084003F /* Assets.xcassets in Resources */,
				D3FBAFB41C8FFF920084003F /* Main.storyboard in Resources */,
			);
			runOnlyForDeploymentPostprocessing = 0;
		};
/* End PBXResourcesBuildPhase section */

/* Begin PBXSourcesBuildPhase section */
		D3FBAFA71C8FFF920084003F /* Sources */ = {
			isa = PBXSourcesBuildPhase;
			buildActionMask = 2147483647;
			files = (
				D3FBAFAF1C8FFF920084003F /* AppDelegate.swift in Sources */,
				D3FBAFC11C9000AF0084003F /* HYCViewController.swift in Sources */,
			);
			runOnlyForDeploymentPostprocessing = 0;
		};
/* End PBXSourcesBuildPhase section */

/* Begin PBXVariantGroup section */
		D3FBAFB21C8FFF920084003F /* Main.storyboard */ = {
			isa = PBXVariantGroup;
			children = (
				D3FBAFB31C8FFF920084003F /* Base */,
			);
			name = Main.storyboard;
			sourceTree = "<group>";
		};
		D3FBAFB71C8FFF920084003F /* LaunchScreen.storyboard */ = {
			isa = PBXVariantGroup;
			children = (
				D3FBAFB81C8FFF920084003F /* Base */,
			);
			name = LaunchScreen.storyboard;
			sourceTree = "<group>";
		};
/* End PBXVariantGroup section */

/* Begin XCBuildConfiguration section */
		D3FBAFBB1C8FFF920084003F /* Debug */ = {
			isa = XCBuildConfiguration;
			buildSettings = {
				ALWAYS_SEARCH_USER_PATHS = NO;
				CLANG_CXX_LANGUAGE_STANDARD = "gnu++0x";
				CLANG_CXX_LIBRARY = "libc++";
				CLANG_ENABLE_MODULES = YES;
				CLANG_ENABLE_OBJC_ARC = YES;
				CLANG_WARN_BOOL_CONVERSION = YES;
				CLANG_WARN_CONSTANT_CONVERSION = YES;
				CLANG_WARN_DIRECT_OBJC_ISA_USAGE = YES_ERROR;
				CLANG_WARN_EMPTY_BODY = YES;
				CLANG_WARN_ENUM_CONVERSION = YES;
				CLANG_WARN_INT_CONVERSION = YES;
				CLANG_WARN_OBJC_ROOT_CLASS = YES_ERROR;
				CLANG_WARN_UNREACHABLE_CODE = YES;
				CLANG_WARN__DUPLICATE_METHOD_MATCH = YES;
				"CODE_SIGN_IDENTITY[sdk=iphoneos*]" = "iPhone Developer";
				COPY_PHASE_STRIP = NO;
				DEBUG_INFORMATION_FORMAT = dwarf;
				ENABLE_STRICT_OBJC_MSGSEND = YES;
				ENABLE_TESTABILITY = YES;
				GCC_C_LANGUAGE_STANDARD = gnu99;
				GCC_DYNAMIC_NO_PIC = NO;
				GCC_NO_COMMON_BLOCKS = YES;
				GCC_OPTIMIZATION_LEVEL = 0;
				GCC_PREPROCESSOR_DEFINITIONS = (
					"DEBUG=1",
					"$(inherited)",
				);
				GCC_WARN_64_TO_32_BIT_CONVERSION = YES;
				GCC_WARN_ABOUT_RETURN_TYPE = YES_ERROR;
				GCC_WARN_UNDECLARED_SELECTOR = YES;
				GCC_WARN_UNINITIALIZED_AUTOS = YES_AGGRESSIVE;
				GCC_WARN_UNUSED_FUNCTION = YES;
				GCC_WARN_UNUSED_VARIABLE = YES;
				IPHONEOS_DEPLOYMENT_TARGET = 9.2;
				MTL_ENABLE_DEBUG_INFO = YES;
				ONLY_ACTIVE_ARCH = YES;
				SDKROOT = iphoneos;
				SWIFT_OPTIMIZATION_LEVEL = "-Onone";
				TARGETED_DEVICE_FAMILY = "1,2";
			};
			name = Debug;
		};
		D3FBAFBC1C8FFF920084003F /* Release */ = {
			isa = XCBuildConfiguration;
			buildSettings = {
				ALWAYS_SEARCH_USER_PATHS = NO;
				CLANG_CXX_LANGUAGE_STANDARD = "gnu++0x";
				CLANG_CXX_LIBRARY = "libc++";
				CLANG_ENABLE_MODULES = YES;
				CLANG_ENABLE_OBJC_ARC = YES;
				CLANG_WARN_BOOL_CONVERSION = YES;
				CLANG_WARN_CONSTANT_CONVERSION = YES;
				CLANG_WARN_DIRECT_OBJC_ISA_USAGE = YES_ERROR;
				CLANG_WARN_EMPTY_BODY = YES;
				CLANG_WARN_ENUM_CONVERSION = YES;
				CLANG_WARN_INT_CONVERSION = YES;
				CLANG_WARN_OBJC_ROOT_CLASS = YES_ERROR;
				CLANG_WARN_UNREACHABLE_CODE = YES;
				CLANG_WARN__DUPLICATE_METHOD_MATCH = YES;
				"CODE_SIGN_IDENTITY[sdk=iphoneos*]" = "iPhone Developer";
				COPY_PHASE_STRIP = NO;
				DEBUG_INFORMATION_FORMAT = "dwarf-with-dsym";
				ENABLE_NS_ASSERTIONS = NO;
				ENABLE_STRICT_OBJC_MSGSEND = YES;
				GCC_C_LANGUAGE_STANDARD = gnu99;
				GCC_NO_COMMON_BLOCKS = YES;
				GCC_WARN_64_TO_32_BIT_CONVERSION = YES;
				GCC_WARN_ABOUT_RETURN_TYPE = YES_ERROR;
				GCC_WARN_UNDECLARED_SELECTOR = YES;
				GCC_WARN_UNINITIALIZED_AUTOS = YES_AGGRESSIVE;
				GCC_WARN_UNUSED_FUNCTION = YES;
				GCC_WARN_UNUSED_VARIABLE = YES;
				IPHONEOS_DEPLOYMENT_TARGET = 9.2;
				MTL_ENABLE_DEBUG_INFO = NO;
				SDKROOT = iphoneos;
				TARGETED_DEVICE_FAMILY = "1,2";
				VALIDATE_PRODUCT = YES;
			};
			name = Release;
		};
		D3FBAFBE1C8FFF920084003F /* Debug */ = {
			isa = XCBuildConfiguration;
			buildSettings = {
				ASSETCATALOG_COMPILER_APPICON_NAME = AppIcon;
				INFOPLIST_FILE = SwiftFristApp/Info.plist;
				LD_RUNPATH_SEARCH_PATHS = "$(inherited) @executable_path/Frameworks";
				PRODUCT_BUNDLE_IDENTIFIER = com.niat.hyv.SwiftFristApp;
				PRODUCT_NAME = "$(TARGET_NAME)";
			};
			name = Debug;
		};
		D3FBAFBF1C8FFF920084003F /* Release */ = {
			isa = XCBuildConfiguration;
			buildSettings = {
				ASSETCATALOG_COMPILER_APPICON_NAME = AppIcon;
				INFOPLIST_FILE = SwiftFristApp/Info.plist;
				LD_RUNPATH_SEARCH_PATHS = "$(inherited) @executable_path/Frameworks";
				PRODUCT_BUNDLE_IDENTIFIER = com.niat.hyv.SwiftFristApp;
				PRODUCT_NAME = "$(TARGET_NAME)";
			};
			name = Release;
		};
/* End XCBuildConfiguration section */

/* Begin XCConfigurationList section */
		D3FBAFA61C8FFF920084003F /* Build configuration list for PBXProject "SwiftFristApp" */ = {
			isa = XCConfigurationList;
			buildConfigurations = (
				D3FBAFBB1C8FFF920084003F /* Debug */,
				D3FBAFBC1C8FFF920084003F /* Release */,
			);
			defaultConfigurationIsVisible = 0;
			defaultConfigurationName = Release;
		};
		D3FBAFBD1C8FFF920084003F /* Build configuration list for PBXNativeTarget "SwiftFristApp" */ = {
			isa = XCConfigurationList;
			buildConfigurations = (
				D3FBAFBE1C8FFF920084003F /* Debug */,
				D3FBAFBF1C8FFF920084003F /* Release */,
			);
			defaultConfigurationIsVisible = 0;
		};
/* End XCConfigurationList section */
	};
	rootObject = D3FBAFA31C8FFF920084003F /* Project object */;
}
