// !$*UTF8*$!
{
	archiveVersion = 1;
	classes = {
	};
	objectVersion = 46;
	objects = {

/* Begin PBXBuildFile section */
		D32563631CA14F4900EF6D17 /* main.m in Sources */ = {isa = PBXBuildFile; fileRef = D32563621CA14F4900EF6D17 /* main.m */; };
		D32563661CA14F4900EF6D17 /* AppDelegate.m in Sources */ = {isa = PBXBuildFile; fileRef = D32563651CA14F4900EF6D17 /* AppDelegate.m */; };
		D32563691CA14F4900EF6D17 /* ViewController.m in Sources */ = {isa = PBXBuildFile; fileRef = D32563681CA14F4900EF6D17 /* ViewController.m */; };
		D325636C1CA14F4900EF6D17 /* Main.storyboard in Resources */ = {isa = PBXBuildFile; fileRef = D325636A1CA14F4900EF6D17 /* Main.storyboard */; };
		D325636E1CA14F4900EF6D17 /* Assets.xcassets in Resources */ = {isa = PBXBuildFile; fileRef = D325636D1CA14F4900EF6D17 /* Assets.xcassets */; };
		D32563711CA14F4900EF6D17 /* LaunchScreen.storyboard in Resources */ = {isa = PBXBuildFile; fileRef = D325636F1CA14F4900EF6D17 /* LaunchScreen.storyboard */; };
		D325637C1CA14F4900EF6D17 /* iPhone_1Tests.m in Sources */ = {isa = PBXBuildFile; fileRef = D325637B1CA14F4900EF6D17 /* iPhone_1Tests.m */; };
		D3D1D97D1CA16B7400E13141 /* Calculator.m in Sources */ = {isa = PBXBuildFile; fileRef = D3D1D97C1CA16B7400E13141 /* Calculator.m */; };
		D3D1D9801CA1703100E13141 /* Fraction.m in Sources */ = {isa = PBXBuildFile; fileRef = D3D1D97F1CA1703100E13141 /* Fraction.m */; };
/* End PBXBuildFile section */

/* Begin PBXContainerItemProxy section */
		D32563781CA14F4900EF6D17 /* PBXContainerItemProxy */ = {
			isa = PBXContainerItemProxy;
			containerPortal = D32563561CA14F4900EF6D17 /* Project object */;
			proxyType = 1;
			remoteGlobalIDString = D325635D1CA14F4900EF6D17;
			remoteInfo = iPhone_1;
		};
/* End PBXContainerItemProxy section */

/* Begin PBXFileReference section */
		D325635E1CA14F4900EF6D17 /* iPhone_1.app */ = {isa = PBXFileReference; explicitFileType = wrapper.application; includeInIndex = 0; path = iPhone_1.app; sourceTree = BUILT_PRODUCTS_DIR; };
		D32563621CA14F4900EF6D17 /* main.m */ = {isa = PBXFileReference; lastKnownFileType = sourcecode.c.objc; path = main.m; sourceTree = "<group>"; };
		D32563641CA14F4900EF6D17 /* AppDelegate.h */ = {isa = PBXFileReference; lastKnownFileType = sourcecode.c.h; path = AppDelegate.h; sourceTree = "<group>"; };
		D32563651CA14F4900EF6D17 /* AppDelegate.m */ = {isa = PBXFileReference; lastKnownFileType = sourcecode.c.objc; path = AppDelegate.m; sourceTree = "<group>"; };
		D32563671CA14F4900EF6D17 /* ViewController.h */ = {isa = PBXFileReference; lastKnownFileType = sourcecode.c.h; path = ViewController.h; sourceTree = "<group>"; };
		D32563681CA14F4900EF6D17 /* ViewController.m */ = {isa = PBXFileReference; lastKnownFileType = sourcecode.c.objc; path = ViewController.m; sourceTree = "<group>"; };
		D325636B1CA14F4900EF6D17 /* Base */ = {isa = PBXFileReference; lastKnownFileType = file.storyboard; name = Base; path = Base.lproj/Main.storyboard; sourceTree = "<group>"; };
		D325636D1CA14F4900EF6D17 /* Assets.xcassets */ = {isa = PBXFileReference; lastKnownFileType = folder.assetcatalog; path = Assets.xcassets; sourceTree = "<group>"; };
		D32563701CA14F4900EF6D17 /* Base */ = {isa = PBXFileReference; lastKnownFileType = file.storyboard; name = Base; path = Base.lproj/LaunchScreen.storyboard; sourceTree = "<group>"; };
		D32563721CA14F4900EF6D17 /* Info.plist */ = {isa = PBXFileReference; lastKnownFileType = text.plist.xml; path = Info.plist; sourceTree = "<group>"; };
		D32563771CA14F4900EF6D17 /* iPhone_1Tests.xctest */ = {isa = PBXFileReference; explicitFileType = wrapper.cfbundle; includeInIndex = 0; path = iPhone_1Tests.xctest; sourceTree = BUILT_PRODUCTS_DIR; };
		D325637B1CA14F4900EF6D17 /* iPhone_1Tests.m */ = {isa = PBXFileReference; lastKnownFileType = sourcecode.c.objc; path = iPhone_1Tests.m; sourceTree = "<group>"; };
		D325637D1CA14F4900EF6D17 /* Info.plist */ = {isa = PBXFileReference; lastKnownFileType = text.plist.xml; path = Info.plist; sourceTree = "<group>"; };
		D3D1D97B1CA16B7400E13141 /* Calculator.h */ = {isa = PBXFileReference; fileEncoding = 4; lastKnownFileType = sourcecode.c.h; path = Calculator.h; sourceTree = "<group>"; };
		D3D1D97C1CA16B7400E13141 /* Calculator.m */ = {isa = PBXFileReference; fileEncoding = 4; lastKnownFileType = sourcecode.c.objc; path = Calculator.m; sourceTree = "<group>"; };
		D3D1D97E1CA1703100E13141 /* Fraction.h */ = {isa = PBXFileReference; fileEncoding = 4; lastKnownFileType = sourcecode.c.h; path = Fraction.h; sourceTree = "<group>"; };
		D3D1D97F1CA1703100E13141 /* Fraction.m */ = {isa = PBXFileReference; fileEncoding = 4; lastKnownFileType = sourcecode.c.objc; path = Fraction.m; sourceTree = "<group>"; };
/* End PBXFileReference section */

/* Begin PBXFrameworksBuildPhase section */
		D325635B1CA14F4900EF6D17 /* Frameworks */ = {
			isa = PBXFrameworksBuildPhase;
			buildActionMask = 2147483647;
			files = (
			);
			runOnlyForDeploymentPostprocessing = 0;
		};
		D32563741CA14F4900EF6D17 /* Frameworks */ = {
			isa = PBXFrameworksBuildPhase;
			buildActionMask = 2147483647;
			files = (
			);
			runOnlyForDeploymentPostprocessing = 0;
		};
/* End PBXFrameworksBuildPhase section */

/* Begin PBXGroup section */
		D32563551CA14F4900EF6D17 = {
			isa = PBXGroup;
			children = (
				D32563601CA14F4900EF6D17 /* iPhone_1 */,
				D325637A1CA14F4900EF6D17 /* iPhone_1Tests */,
				D325635F1CA14F4900EF6D17 /* Products */,
			);
			sourceTree = "<group>";
		};
		D325635F1CA14F4900EF6D17 /* Products */ = {
			isa = PBXGroup;
			children = (
				D325635E1CA14F4900EF6D17 /* iPhone_1.app */,
				D32563771CA14F4900EF6D17 /* iPhone_1Tests.xctest */,
			);
			name = Products;
			sourceTree = "<group>";
		};
		D32563601CA14F4900EF6D17 /* iPhone_1 */ = {
			isa = PBXGroup;
			children = (
				D32563641CA14F4900EF6D17 /* AppDelegate.h */,
				D32563651CA14F4900EF6D17 /* AppDelegate.m */,
				D32563671CA14F4900EF6D17 /* ViewController.h */,
				D32563681CA14F4900EF6D17 /* ViewController.m */,
				D3D1D97B1CA16B7400E13141 /* Calculator.h */,
				D3D1D97C1CA16B7400E13141 /* Calculator.m */,
				D3D1D97E1CA1703100E13141 /* Fraction.h */,
				D3D1D97F1CA1703100E13141 /* Fraction.m */,
				D325636A1CA14F4900EF6D17 /* Main.storyboard */,
				D325636D1CA14F4900EF6D17 /* Assets.xcassets */,
				D325636F1CA14F4900EF6D17 /* LaunchScreen.storyboard */,
				D32563721CA14F4900EF6D17 /* Info.plist */,
				D32563611CA14F4900EF6D17 /* Supporting Files */,
			);
			path = iPhone_1;
			sourceTree = "<group>";
		};
		D32563611CA14F4900EF6D17 /* Supporting Files */ = {
			isa = PBXGroup;
			children = (
				D32563621CA14F4900EF6D17 /* main.m */,
			);
			name = "Supporting Files";
			sourceTree = "<group>";
		};
		D325637A1CA14F4900EF6D17 /* iPhone_1Tests */ = {
			isa = PBXGroup;
			children = (
				D325637B1CA14F4900EF6D17 /* iPhone_1Tests.m */,
				D325637D1CA14F4900EF6D17 /* Info.plist */,
			);
			path = iPhone_1Tests;
			sourceTree = "<group>";
		};
/* End PBXGroup section */

/* Begin PBXNativeTarget section */
		D325635D1CA14F4900EF6D17 /* iPhone_1 */ = {
			isa = PBXNativeTarget;
			buildConfigurationList = D32563801CA14F4900EF6D17 /* Build configuration list for PBXNativeTarget "iPhone_1" */;
			buildPhases = (
				D325635A1CA14F4900EF6D17 /* Sources */,
				D325635B1CA14F4900EF6D17 /* Frameworks */,
				D325635C1CA14F4900EF6D17 /* Resources */,
			);
			buildRules = (
			);
			dependencies = (
			);
			name = iPhone_1;
			productName = iPhone_1;
			productReference = D325635E1CA14F4900EF6D17 /* iPhone_1.app */;
			productType = "com.apple.product-type.application";
		};
		D32563761CA14F4900EF6D17 /* iPhone_1Tests */ = {
			isa = PBXNativeTarget;
			buildConfigurationList = D32563831CA14F4900EF6D17 /* Build configuration list for PBXNativeTarget "iPhone_1Tests" */;
			buildPhases = (
				D32563731CA14F4900EF6D17 /* Sources */,
				D32563741CA14F4900EF6D17 /* Frameworks */,
				D32563751CA14F4900EF6D17 /* Resources */,
			);
			buildRules = (
			);
			dependencies = (
				D32563791CA14F4900EF6D17 /* PBXTargetDependency */,
			);
			name = iPhone_1Tests;
			productName = iPhone_1Tests;
			productReference = D32563771CA14F4900EF6D17 /* iPhone_1Tests.xctest */;
			productType = "com.apple.product-type.bundle.unit-test";
		};
/* End PBXNativeTarget section */

/* Begin PBXProject section */
		D32563561CA14F4900EF6D17 /* Project object */ = {
			isa = PBXProject;
			attributes = {
				LastUpgradeCheck = 0720;
				ORGANIZATIONNAME = huangyc;
				TargetAttributes = {
					D325635D1CA14F4900EF6D17 = {
						CreatedOnToolsVersion = 7.2.1;
						DevelopmentTeam = 2YC4CL2FUJ;
					};
					D32563761CA14F4900EF6D17 = {
						CreatedOnToolsVersion = 7.2.1;
						DevelopmentTeam = 2YC4CL2FUJ;
						TestTargetID = D325635D1CA14F4900EF6D17;
					};
				};
			};
			buildConfigurationList = D32563591CA14F4900EF6D17 /* Build configuration list for PBXProject "iPhone_1" */;
			compatibilityVersion = "Xcode 3.2";
			developmentRegion = English;
			hasScannedForEncodings = 0;
			knownRegions = (
				en,
				Base,
			);
			mainGroup = D32563551CA14F4900EF6D17;
			productRefGroup = D325635F1CA14F4900EF6D17 /* Products */;
			projectDirPath = "";
			projectRoot = "";
			targets = (
				D325635D1CA14F4900EF6D17 /* iPhone_1 */,
				D32563761CA14F4900EF6D17 /* iPhone_1Tests */,
			);
		};
/* End PBXProject section */

/* Begin PBXResourcesBuildPhase section */
		D325635C1CA14F4900EF6D17 /* Resources */ = {
			isa = PBXResourcesBuildPhase;
			buildActionMask = 2147483647;
			files = (
				D32563711CA14F4900EF6D17 /* LaunchScreen.storyboard in Resources */,
				D325636E1CA14F4900EF6D17 /* Assets.xcassets in Resources */,
				D325636C1CA14F4900EF6D17 /* Main.storyboard in Resources */,
			);
			runOnlyForDeploymentPostprocessing = 0;
		};
		D32563751CA14F4900EF6D17 /* Resources */ = {
			isa = PBXResourcesBuildPhase;
			buildActionMask = 2147483647;
			files = (
			);
			runOnlyForDeploymentPostprocessing = 0;
		};
/* End PBXResourcesBuildPhase section */

/* Begin PBXSourcesBuildPhase section */
		D325635A1CA14F4900EF6D17 /* Sources */ = {
			isa = PBXSourcesBuildPhase;
			buildActionMask = 2147483647;
			files = (
				D32563691CA14F4900EF6D17 /* ViewController.m in Sources */,
				D3D1D97D1CA16B7400E13141 /* Calculator.m in Sources */,
				D32563661CA14F4900EF6D17 /* AppDelegate.m in Sources */,
				D32563631CA14F4900EF6D17 /* main.m in Sources */,
				D3D1D9801CA1703100E13141 /* Fraction.m in Sources */,
			);
			runOnlyForDeploymentPostprocessing = 0;
		};
		D32563731CA14F4900EF6D17 /* Sources */ = {
			isa = PBXSourcesBuildPhase;
			buildActionMask = 2147483647;
			files = (
				D325637C1CA14F4900EF6D17 /* iPhone_1Tests.m in Sources */,
			);
			runOnlyForDeploymentPostprocessing = 0;
		};
/* End PBXSourcesBuildPhase section */

/* Begin PBXTargetDependency section */
		D32563791CA14F4900EF6D17 /* PBXTargetDependency */ = {
			isa = PBXTargetDependency;
			target = D325635D1CA14F4900EF6D17 /* iPhone_1 */;
			targetProxy = D32563781CA14F4900EF6D17 /* PBXContainerItemProxy */;
		};
/* End PBXTargetDependency section */

/* Begin PBXVariantGroup section */
		D325636A1CA14F4900EF6D17 /* Main.storyboard */ = {
			isa = PBXVariantGroup;
			children = (
				D325636B1CA14F4900EF6D17 /* Base */,
			);
			name = Main.storyboard;
			sourceTree = "<group>";
		};
		D325636F1CA14F4900EF6D17 /* LaunchScreen.storyboard */ = {
			isa = PBXVariantGroup;
			children = (
				D32563701CA14F4900EF6D17 /* Base */,
			);
			name = LaunchScreen.storyboard;
			sourceTree = "<group>";
		};
/* End PBXVariantGroup section */

/* Begin XCBuildConfiguration section */
		D325637E1CA14F4900EF6D17 /* Debug */ = {
			isa = XCBuildConfiguration;
			buildSettings = {
				ALWAYS_SEARCH_USER_PATHS = NO;
				CLANG_CXX_LANGUAGE_STANDARD = "gnu++0x";
				CLANG_CXX_LIBRARY = "libc++";
				CLANG_ENABLE_MODULES = YES;
				CLANG_ENABLE_OBJC_ARC = YES;
				CLANG_WARN_BOOL_CONVERSION = YES;
				CLANG_WARN_CONSTANT_CONVERSION = YES;
				CLANG_WARN_DIRECT_OBJC_ISA_USAGE = YES_ERROR;
				CLANG_WARN_EMPTY_BODY = YES;
				CLANG_WARN_ENUM_CONVERSION = YES;
				CLANG_WARN_INT_CONVERSION = YES;
				CLANG_WARN_OBJC_ROOT_CLASS = YES_ERROR;
				CLANG_WARN_UNREACHABLE_CODE = YES;
				CLANG_WARN__DUPLICATE_METHOD_MATCH = YES;
				"CODE_SIGN_IDENTITY[sdk=iphoneos*]" = "iPhone Developer";
				COPY_PHASE_STRIP = NO;
				DEBUG_INFORMATION_FORMAT = dwarf;
				ENABLE_STRICT_OBJC_MSGSEND = YES;
				ENABLE_TESTABILITY = YES;
				GCC_C_LANGUAGE_STANDARD = gnu99;
				GCC_DYNAMIC_NO_PIC = NO;
				GCC_NO_COMMON_BLOCKS = YES;
				GCC_OPTIMIZATION_LEVEL = 0;
				GCC_PREPROCESSOR_DEFINITIONS = (
					"DEBUG=1",
					"$(inherited)",
				);
				GCC_WARN_64_TO_32_BIT_CONVERSION = YES;
				GCC_WARN_ABOUT_RETURN_TYPE = YES_ERROR;
				GCC_WARN_UNDECLARED_SELECTOR = YES;
				GCC_WARN_UNINITIALIZED_AUTOS = YES_AGGRESSIVE;
				GCC_WARN_UNUSED_FUNCTION = YES;
				GCC_WARN_UNUSED_VARIABLE = YES;
				IPHONEOS_DEPLOYMENT_TARGET = 9.2;
				MTL_ENABLE_DEBUG_INFO = YES;
				ONLY_ACTIVE_ARCH = YES;
				SDKROOT = iphoneos;
				TARGETED_DEVICE_FAMILY = "1,2";
			};
			name = Debug;
		};
		D325637F1CA14F4900EF6D17 /* Release */ = {
			isa = XCBuildConfiguration;
			buildSettings = {
				ALWAYS_SEARCH_USER_PATHS = NO;
				CLANG_CXX_LANGUAGE_STANDARD = "gnu++0x";
				CLANG_CXX_LIBRARY = "libc++";
				CLANG_ENABLE_MODULES = YES;
				CLANG_ENABLE_OBJC_ARC = YES;
				CLANG_WARN_BOOL_CONVERSION = YES;
				CLANG_WARN_CONSTANT_CONVERSION = YES;
				CLANG_WARN_DIRECT_OBJC_ISA_USAGE = YES_ERROR;
				CLANG_WARN_EMPTY_BODY = YES;
				CLANG_WARN_ENUM_CONVERSION = YES;
				CLANG_WARN_INT_CONVERSION = YES;
				CLANG_WARN_OBJC_ROOT_CLASS = YES_ERROR;
				CLANG_WARN_UNREACHABLE_CODE = YES;
				CLANG_WARN__DUPLICATE_METHOD_MATCH = YES;
				"CODE_SIGN_IDENTITY[sdk=iphoneos*]" = "iPhone Developer";
				COPY_PHASE_STRIP = NO;
				DEBUG_INFORMATION_FORMAT = "dwarf-with-dsym";
				ENABLE_NS_ASSERTIONS = NO;
				ENABLE_STRICT_OBJC_MSGSEND = YES;
				GCC_C_LANGUAGE_STANDARD = gnu99;
				GCC_NO_COMMON_BLOCKS = YES;
				GCC_WARN_64_TO_32_BIT_CONVERSION = YES;
				GCC_WARN_ABOUT_RETURN_TYPE = YES_ERROR;
				GCC_WARN_UNDECLARED_SELECTOR = YES;
				GCC_WARN_UNINITIALIZED_AUTOS = YES_AGGRESSIVE;
				GCC_WARN_UNUSED_FUNCTION = YES;
				GCC_WARN_UNUSED_VARIABLE = YES;
				IPHONEOS_DEPLOYMENT_TARGET = 9.2;
				MTL_ENABLE_DEBUG_INFO = NO;
				SDKROOT = iphoneos;
				TARGETED_DEVICE_FAMILY = "1,2";
				VALIDATE_PRODUCT = YES;
			};
			name = Release;
		};
		D32563811CA14F4900EF6D17 /* Debug */ = {
			isa = XCBuildConfiguration;
			buildSettings = {
				ASSETCATALOG_COMPILER_APPICON_NAME = AppIcon;
				INFOPLIST_FILE = iPhone_1/Info.plist;
				LD_RUNPATH_SEARCH_PATHS = "$(inherited) @executable_path/Frameworks";
				PRODUCT_BUNDLE_IDENTIFIER = "com.niat.hyc.iPhone-1";
				PRODUCT_NAME = "$(TARGET_NAME)";
			};
			name = Debug;
		};
		D32563821CA14F4900EF6D17 /* Release */ = {
			isa = XCBuildConfiguration;
			buildSettings = {
				ASSETCATALOG_COMPILER_APPICON_NAME = AppIcon;
				INFOPLIST_FILE = iPhone_1/Info.plist;
				LD_RUNPATH_SEARCH_PATHS = "$(inherited) @executable_path/Frameworks";
				PRODUCT_BUNDLE_IDENTIFIER = "com.niat.hyc.iPhone-1";
				PRODUCT_NAME = "$(TARGET_NAME)";
			};
			name = Release;
		};
		D32563841CA14F4900EF6D17 /* Debug */ = {
			isa = XCBuildConfiguration;
			buildSettings = {
				BUNDLE_LOADER = "$(TEST_HOST)";
				INFOPLIST_FILE = iPhone_1Tests/Info.plist;
				LD_RUNPATH_SEARCH_PATHS = "$(inherited) @executable_path/Frameworks @loader_path/Frameworks";
				PRODUCT_BUNDLE_IDENTIFIER = "com.niat.hyc.iPhone-1Tests";
				PRODUCT_NAME = "$(TARGET_NAME)";
				TEST_HOST = "$(BUILT_PRODUCTS_DIR)/iPhone_1.app/iPhone_1";
			};
			name = Debug;
		};
		D32563851CA14F4900EF6D17 /* Release */ = {
			isa = XCBuildConfiguration;
			buildSettings = {
				BUNDLE_LOADER = "$(TEST_HOST)";
				INFOPLIST_FILE = iPhone_1Tests/Info.plist;
				LD_RUNPATH_SEARCH_PATHS = "$(inherited) @executable_path/Frameworks @loader_path/Frameworks";
				PRODUCT_BUNDLE_IDENTIFIER = "com.niat.hyc.iPhone-1Tests";
				PRODUCT_NAME = "$(TARGET_NAME)";
				TEST_HOST = "$(BUILT_PRODUCTS_DIR)/iPhone_1.app/iPhone_1";
			};
			name = Release;
		};
/* End XCBuildConfiguration section */

/* Begin XCConfigurationList section */
		D32563591CA14F4900EF6D17 /* Build configuration list for PBXProject "iPhone_1" */ = {
			isa = XCConfigurationList;
			buildConfigurations = (
				D325637E1CA14F4900EF6D17 /* Debug */,
				D325637F1CA14F4900EF6D17 /* Release */,
			);
			defaultConfigurationIsVisible = 0;
			defaultConfigurationName = Release;
		};
		D32563801CA14F4900EF6D17 /* Build configuration list for PBXNativeTarget "iPhone_1" */ = {
			isa = XCConfigurationList;
			buildConfigurations = (
				D32563811CA14F4900EF6D17 /* Debug */,
				D32563821CA14F4900EF6D17 /* Release */,
			);
			defaultConfigurationIsVisible = 0;
			defaultConfigurationName = Release;
		};
		D32563831CA14F4900EF6D17 /* Build configuration list for PBXNativeTarget "iPhone_1Tests" */ = {
			isa = XCConfigurationList;
			buildConfigurations = (
				D32563841CA14F4900EF6D17 /* Debug */,
				D32563851CA14F4900EF6D17 /* Release */,
			);
			defaultConfigurationIsVisible = 0;
			defaultConfigurationName = Release;
		};
/* End XCConfigurationList section */
	};
	rootObject = D32563561CA14F4900EF6D17 /* Project object */;
}
