// !$*UTF8*$!
{
	archiveVersion = 1;
	classes = {
	};
	objectVersion = 46;
	objects = {

/* Begin PBXBuildFile section */
		D36349AF1CA274D2007CE2E5 /* main.m in Sources */ = {isa = PBXBuildFile; fileRef = D36349AE1CA274D2007CE2E5 /* main.m */; };
		D36349B21CA274D2007CE2E5 /* AppDelegate.m in Sources */ = {isa = PBXBuildFile; fileRef = D36349B11CA274D2007CE2E5 /* AppDelegate.m */; };
		D36349B51CA274D2007CE2E5 /* ViewController.m in Sources */ = {isa = PBXBuildFile; fileRef = D36349B41CA274D2007CE2E5 /* ViewController.m */; };
		D36349B81CA274D2007CE2E5 /* Main.storyboard in Resources */ = {isa = PBXBuildFile; fileRef = D36349B61CA274D2007CE2E5 /* Main.storyboard */; };
		D36349BA1CA274D2007CE2E5 /* Assets.xcassets in Resources */ = {isa = PBXBuildFile; fileRef = D36349B91CA274D2007CE2E5 /* Assets.xcassets */; };
		D36349BD1CA274D2007CE2E5 /* LaunchScreen.storyboard in Resources */ = {isa = PBXBuildFile; fileRef = D36349BB1CA274D2007CE2E5 /* LaunchScreen.storyboard */; };
		D36349C81CA274D2007CE2E5 /* AutoLayout_HTests.m in Sources */ = {isa = PBXBuildFile; fileRef = D36349C71CA274D2007CE2E5 /* AutoLayout_HTests.m */; };
/* End PBXBuildFile section */

/* Begin PBXContainerItemProxy section */
		D36349C41CA274D2007CE2E5 /* PBXContainerItemProxy */ = {
			isa = PBXContainerItemProxy;
			containerPortal = D36349A21CA274D2007CE2E5 /* Project object */;
			proxyType = 1;
			remoteGlobalIDString = D36349A91CA274D2007CE2E5;
			remoteInfo = AutoLayout_H;
		};
/* End PBXContainerItemProxy section */

/* Begin PBXFileReference section */
		D36349AA1CA274D2007CE2E5 /* AutoLayout_H.app */ = {isa = PBXFileReference; explicitFileType = wrapper.application; includeInIndex = 0; path = AutoLayout_H.app; sourceTree = BUILT_PRODUCTS_DIR; };
		D36349AE1CA274D2007CE2E5 /* main.m */ = {isa = PBXFileReference; lastKnownFileType = sourcecode.c.objc; path = main.m; sourceTree = "<group>"; };
		D36349B01CA274D2007CE2E5 /* AppDelegate.h */ = {isa = PBXFileReference; lastKnownFileType = sourcecode.c.h; path = AppDelegate.h; sourceTree = "<group>"; };
		D36349B11CA274D2007CE2E5 /* AppDelegate.m */ = {isa = PBXFileReference; lastKnownFileType = sourcecode.c.objc; path = AppDelegate.m; sourceTree = "<group>"; };
		D36349B31CA274D2007CE2E5 /* ViewController.h */ = {isa = PBXFileReference; lastKnownFileType = sourcecode.c.h; path = ViewController.h; sourceTree = "<group>"; };
		D36349B41CA274D2007CE2E5 /* ViewController.m */ = {isa = PBXFileReference; lastKnownFileType = sourcecode.c.objc; path = ViewController.m; sourceTree = "<group>"; };
		D36349B71CA274D2007CE2E5 /* Base */ = {isa = PBXFileReference; lastKnownFileType = file.storyboard; name = Base; path = Base.lproj/Main.storyboard; sourceTree = "<group>"; };
		D36349B91CA274D2007CE2E5 /* Assets.xcassets */ = {isa = PBXFileReference; lastKnownFileType = folder.assetcatalog; path = Assets.xcassets; sourceTree = "<group>"; };
		D36349BC1CA274D2007CE2E5 /* Base */ = {isa = PBXFileReference; lastKnownFileType = file.storyboard; name = Base; path = Base.lproj/LaunchScreen.storyboard; sourceTree = "<group>"; };
		D36349BE1CA274D2007CE2E5 /* Info.plist */ = {isa = PBXFileReference; lastKnownFileType = text.plist.xml; path = Info.plist; sourceTree = "<group>"; };
		D36349C31CA274D2007CE2E5 /* AutoLayout_HTests.xctest */ = {isa = PBXFileReference; explicitFileType = wrapper.cfbundle; includeInIndex = 0; path = AutoLayout_HTests.xctest; sourceTree = BUILT_PRODUCTS_DIR; };
		D36349C71CA274D2007CE2E5 /* AutoLayout_HTests.m */ = {isa = PBXFileReference; lastKnownFileType = sourcecode.c.objc; path = AutoLayout_HTests.m; sourceTree = "<group>"; };
		D36349C91CA274D2007CE2E5 /* Info.plist */ = {isa = PBXFileReference; lastKnownFileType = text.plist.xml; path = Info.plist; sourceTree = "<group>"; };
/* End PBXFileReference section */

/* Begin PBXFrameworksBuildPhase section */
		D36349A71CA274D2007CE2E5 /* Frameworks */ = {
			isa = PBXFrameworksBuildPhase;
			buildActionMask = 2147483647;
			files = (
			);
			runOnlyForDeploymentPostprocessing = 0;
		};
		D36349C01CA274D2007CE2E5 /* Frameworks */ = {
			isa = PBXFrameworksBuildPhase;
			buildActionMask = 2147483647;
			files = (
			);
			runOnlyForDeploymentPostprocessing = 0;
		};
/* End PBXFrameworksBuildPhase section */

/* Begin PBXGroup section */
		D36349A11CA274D2007CE2E5 = {
			isa = PBXGroup;
			children = (
				D36349AC1CA274D2007CE2E5 /* AutoLayout_H */,
				D36349C61CA274D2007CE2E5 /* AutoLayout_HTests */,
				D36349AB1CA274D2007CE2E5 /* Products */,
			);
			sourceTree = "<group>";
		};
		D36349AB1CA274D2007CE2E5 /* Products */ = {
			isa = PBXGroup;
			children = (
				D36349AA1CA274D2007CE2E5 /* AutoLayout_H.app */,
				D36349C31CA274D2007CE2E5 /* AutoLayout_HTests.xctest */,
			);
			name = Products;
			sourceTree = "<group>";
		};
		D36349AC1CA274D2007CE2E5 /* AutoLayout_H */ = {
			isa = PBXGroup;
			children = (
				D36349B01CA274D2007CE2E5 /* AppDelegate.h */,
				D36349B11CA274D2007CE2E5 /* AppDelegate.m */,
				D36349B31CA274D2007CE2E5 /* ViewController.h */,
				D36349B41CA274D2007CE2E5 /* ViewController.m */,
				D36349B61CA274D2007CE2E5 /* Main.storyboard */,
				D36349B91CA274D2007CE2E5 /* Assets.xcassets */,
				D36349BB1CA274D2007CE2E5 /* LaunchScreen.storyboard */,
				D36349BE1CA274D2007CE2E5 /* Info.plist */,
				D36349AD1CA274D2007CE2E5 /* Supporting Files */,
			);
			path = AutoLayout_H;
			sourceTree = "<group>";
		};
		D36349AD1CA274D2007CE2E5 /* Supporting Files */ = {
			isa = PBXGroup;
			children = (
				D36349AE1CA274D2007CE2E5 /* main.m */,
			);
			name = "Supporting Files";
			sourceTree = "<group>";
		};
		D36349C61CA274D2007CE2E5 /* AutoLayout_HTests */ = {
			isa = PBXGroup;
			children = (
				D36349C71CA274D2007CE2E5 /* AutoLayout_HTests.m */,
				D36349C91CA274D2007CE2E5 /* Info.plist */,
			);
			path = AutoLayout_HTests;
			sourceTree = "<group>";
		};
/* End PBXGroup section */

/* Begin PBXNativeTarget section */
		D36349A91CA274D2007CE2E5 /* AutoLayout_H */ = {
			isa = PBXNativeTarget;
			buildConfigurationList = D36349CC1CA274D2007CE2E5 /* Build configuration list for PBXNativeTarget "AutoLayout_H" */;
			buildPhases = (
				D36349A61CA274D2007CE2E5 /* Sources */,
				D36349A71CA274D2007CE2E5 /* Frameworks */,
				D36349A81CA274D2007CE2E5 /* Resources */,
			);
			buildRules = (
			);
			dependencies = (
			);
			name = AutoLayout_H;
			productName = AutoLayout_H;
			productReference = D36349AA1CA274D2007CE2E5 /* AutoLayout_H.app */;
			productType = "com.apple.product-type.application";
		};
		D36349C21CA274D2007CE2E5 /* AutoLayout_HTests */ = {
			isa = PBXNativeTarget;
			buildConfigurationList = D36349CF1CA274D2007CE2E5 /* Build configuration list for PBXNativeTarget "AutoLayout_HTests" */;
			buildPhases = (
				D36349BF1CA274D2007CE2E5 /* Sources */,
				D36349C01CA274D2007CE2E5 /* Frameworks */,
				D36349C11CA274D2007CE2E5 /* Resources */,
			);
			buildRules = (
			);
			dependencies = (
				D36349C51CA274D2007CE2E5 /* PBXTargetDependency */,
			);
			name = AutoLayout_HTests;
			productName = AutoLayout_HTests;
			productReference = D36349C31CA274D2007CE2E5 /* AutoLayout_HTests.xctest */;
			productType = "com.apple.product-type.bundle.unit-test";
		};
/* End PBXNativeTarget section */

/* Begin PBXProject section */
		D36349A21CA274D2007CE2E5 /* Project object */ = {
			isa = PBXProject;
			attributes = {
				LastUpgradeCheck = 0720;
				ORGANIZATIONNAME = huangyc;
				TargetAttributes = {
					D36349A91CA274D2007CE2E5 = {
						CreatedOnToolsVersion = 7.2.1;
						DevelopmentTeam = 2YC4CL2FUJ;
					};
					D36349C21CA274D2007CE2E5 = {
						CreatedOnToolsVersion = 7.2.1;
						DevelopmentTeam = 2YC4CL2FUJ;
						TestTargetID = D36349A91CA274D2007CE2E5;
					};
				};
			};
			buildConfigurationList = D36349A51CA274D2007CE2E5 /* Build configuration list for PBXProject "AutoLayout_H" */;
			compatibilityVersion = "Xcode 3.2";
			developmentRegion = English;
			hasScannedForEncodings = 0;
			knownRegions = (
				en,
				Base,
			);
			mainGroup = D36349A11CA274D2007CE2E5;
			productRefGroup = D36349AB1CA274D2007CE2E5 /* Products */;
			projectDirPath = "";
			projectRoot = "";
			targets = (
				D36349A91CA274D2007CE2E5 /* AutoLayout_H */,
				D36349C21CA274D2007CE2E5 /* AutoLayout_HTests */,
			);
		};
/* End PBXProject section */

/* Begin PBXResourcesBuildPhase section */
		D36349A81CA274D2007CE2E5 /* Resources */ = {
			isa = PBXResourcesBuildPhase;
			buildActionMask = 2147483647;
			files = (
				D36349BD1CA274D2007CE2E5 /* LaunchScreen.storyboard in Resources */,
				D36349BA1CA274D2007CE2E5 /* Assets.xcassets in Resources */,
				D36349B81CA274D2007CE2E5 /* Main.storyboard in Resources */,
			);
			runOnlyForDeploymentPostprocessing = 0;
		};
		D36349C11CA274D2007CE2E5 /* Resources */ = {
			isa = PBXResourcesBuildPhase;
			buildActionMask = 2147483647;
			files = (
			);
			runOnlyForDeploymentPostprocessing = 0;
		};
/* End PBXResourcesBuildPhase section */

/* Begin PBXSourcesBuildPhase section */
		D36349A61CA274D2007CE2E5 /* Sources */ = {
			isa = PBXSourcesBuildPhase;
			buildActionMask = 2147483647;
			files = (
				D36349B51CA274D2007CE2E5 /* ViewController.m in Sources */,
				D36349B21CA274D2007CE2E5 /* AppDelegate.m in Sources */,
				D36349AF1CA274D2007CE2E5 /* main.m in Sources */,
			);
			runOnlyForDeploymentPostprocessing = 0;
		};
		D36349BF1CA274D2007CE2E5 /* Sources */ = {
			isa = PBXSourcesBuildPhase;
			buildActionMask = 2147483647;
			files = (
				D36349C81CA274D2007CE2E5 /* AutoLayout_HTests.m in Sources */,
			);
			runOnlyForDeploymentPostprocessing = 0;
		};
/* End PBXSourcesBuildPhase section */

/* Begin PBXTargetDependency section */
		D36349C51CA274D2007CE2E5 /* PBXTargetDependency */ = {
			isa = PBXTargetDependency;
			target = D36349A91CA274D2007CE2E5 /* AutoLayout_H */;
			targetProxy = D36349C41CA274D2007CE2E5 /* PBXContainerItemProxy */;
		};
/* End PBXTargetDependency section */

/* Begin PBXVariantGroup section */
		D36349B61CA274D2007CE2E5 /* Main.storyboard */ = {
			isa = PBXVariantGroup;
			children = (
				D36349B71CA274D2007CE2E5 /* Base */,
			);
			name = Main.storyboard;
			sourceTree = "<group>";
		};
		D36349BB1CA274D2007CE2E5 /* LaunchScreen.storyboard */ = {
			isa = PBXVariantGroup;
			children = (
				D36349BC1CA274D2007CE2E5 /* Base */,
			);
			name = LaunchScreen.storyboard;
			sourceTree = "<group>";
		};
/* End PBXVariantGroup section */

/* Begin XCBuildConfiguration section */
		D36349CA1CA274D2007CE2E5 /* Debug */ = {
			isa = XCBuildConfiguration;
			buildSettings = {
				ALWAYS_SEARCH_USER_PATHS = NO;
				CLANG_CXX_LANGUAGE_STANDARD = "gnu++0x";
				CLANG_CXX_LIBRARY = "libc++";
				CLANG_ENABLE_MODULES = YES;
				CLANG_ENABLE_OBJC_ARC = YES;
				CLANG_WARN_BOOL_CONVERSION = YES;
				CLANG_WARN_CONSTANT_CONVERSION = YES;
				CLANG_WARN_DIRECT_OBJC_ISA_USAGE = YES_ERROR;
				CLANG_WARN_EMPTY_BODY = YES;
				CLANG_WARN_ENUM_CONVERSION = YES;
				CLANG_WARN_INT_CONVERSION = YES;
				CLANG_WARN_OBJC_ROOT_CLASS = YES_ERROR;
				CLANG_WARN_UNREACHABLE_CODE = YES;
				CLANG_WARN__DUPLICATE_METHOD_MATCH = YES;
				"CODE_SIGN_IDENTITY[sdk=iphoneos*]" = "iPhone Developer";
				COPY_PHASE_STRIP = NO;
				DEBUG_INFORMATION_FORMAT = dwarf;
				ENABLE_STRICT_OBJC_MSGSEND = YES;
				ENABLE_TESTABILITY = YES;
				GCC_C_LANGUAGE_STANDARD = gnu99;
				GCC_DYNAMIC_NO_PIC = NO;
				GCC_NO_COMMON_BLOCKS = YES;
				GCC_OPTIMIZATION_LEVEL = 0;
				GCC_PREPROCESSOR_DEFINITIONS = (
					"DEBUG=1",
					"$(inherited)",
				);
				GCC_WARN_64_TO_32_BIT_CONVERSION = YES;
				GCC_WARN_ABOUT_RETURN_TYPE = YES_ERROR;
				GCC_WARN_UNDECLARED_SELECTOR = YES;
				GCC_WARN_UNINITIALIZED_AUTOS = YES_AGGRESSIVE;
				GCC_WARN_UNUSED_FUNCTION = YES;
				GCC_WARN_UNUSED_VARIABLE = YES;
				IPHONEOS_DEPLOYMENT_TARGET = 9.2;
				MTL_ENABLE_DEBUG_INFO = YES;
				ONLY_ACTIVE_ARCH = YES;
				SDKROOT = iphoneos;
				TARGETED_DEVICE_FAMILY = "1,2";
			};
			name = Debug;
		};
		D36349CB1CA274D2007CE2E5 /* Release */ = {
			isa = XCBuildConfiguration;
			buildSettings = {
				ALWAYS_SEARCH_USER_PATHS = NO;
				CLANG_CXX_LANGUAGE_STANDARD = "gnu++0x";
				CLANG_CXX_LIBRARY = "libc++";
				CLANG_ENABLE_MODULES = YES;
				CLANG_ENABLE_OBJC_ARC = YES;
				CLANG_WARN_BOOL_CONVERSION = YES;
				CLANG_WARN_CONSTANT_CONVERSION = YES;
				CLANG_WARN_DIRECT_OBJC_ISA_USAGE = YES_ERROR;
				CLANG_WARN_EMPTY_BODY = YES;
				CLANG_WARN_ENUM_CONVERSION = YES;
				CLANG_WARN_INT_CONVERSION = YES;
				CLANG_WARN_OBJC_ROOT_CLASS = YES_ERROR;
				CLANG_WARN_UNREACHABLE_CODE = YES;
				CLANG_WARN__DUPLICATE_METHOD_MATCH = YES;
				"CODE_SIGN_IDENTITY[sdk=iphoneos*]" = "iPhone Developer";
				COPY_PHASE_STRIP = NO;
				DEBUG_INFORMATION_FORMAT = "dwarf-with-dsym";
				ENABLE_NS_ASSERTIONS = NO;
				ENABLE_STRICT_OBJC_MSGSEND = YES;
				GCC_C_LANGUAGE_STANDARD = gnu99;
				GCC_NO_COMMON_BLOCKS = YES;
				GCC_WARN_64_TO_32_BIT_CONVERSION = YES;
				GCC_WARN_ABOUT_RETURN_TYPE = YES_ERROR;
				GCC_WARN_UNDECLARED_SELECTOR = YES;
				GCC_WARN_UNINITIALIZED_AUTOS = YES_AGGRESSIVE;
				GCC_WARN_UNUSED_FUNCTION = YES;
				GCC_WARN_UNUSED_VARIABLE = YES;
				IPHONEOS_DEPLOYMENT_TARGET = 9.2;
				MTL_ENABLE_DEBUG_INFO = NO;
				SDKROOT = iphoneos;
				TARGETED_DEVICE_FAMILY = "1,2";
				VALIDATE_PRODUCT = YES;
			};
			name = Release;
		};
		D36349CD1CA274D2007CE2E5 /* Debug */ = {
			isa = XCBuildConfiguration;
			buildSettings = {
				ASSETCATALOG_COMPILER_APPICON_NAME = AppIcon;
				INFOPLIST_FILE = AutoLayout_H/Info.plist;
				LD_RUNPATH_SEARCH_PATHS = "$(inherited) @executable_path/Frameworks";
				PRODUCT_BUNDLE_IDENTIFIER = "com.niat.hyc.AutoLayout-H";
				PRODUCT_NAME = "$(TARGET_NAME)";
			};
			name = Debug;
		};
		D36349CE1CA274D2007CE2E5 /* Release */ = {
			isa = XCBuildConfiguration;
			buildSettings = {
				ASSETCATALOG_COMPILER_APPICON_NAME = AppIcon;
				INFOPLIST_FILE = AutoLayout_H/Info.plist;
				LD_RUNPATH_SEARCH_PATHS = "$(inherited) @executable_path/Frameworks";
				PRODUCT_BUNDLE_IDENTIFIER = "com.niat.hyc.AutoLayout-H";
				PRODUCT_NAME = "$(TARGET_NAME)";
			};
			name = Release;
		};
		D36349D01CA274D2007CE2E5 /* Debug */ = {
			isa = XCBuildConfiguration;
			buildSettings = {
				BUNDLE_LOADER = "$(TEST_HOST)";
				INFOPLIST_FILE = AutoLayout_HTests/Info.plist;
				LD_RUNPATH_SEARCH_PATHS = "$(inherited) @executable_path/Frameworks @loader_path/Frameworks";
				PRODUCT_BUNDLE_IDENTIFIER = "com.niat.hyc.AutoLayout-HTests";
				PRODUCT_NAME = "$(TARGET_NAME)";
				TEST_HOST = "$(BUILT_PRODUCTS_DIR)/AutoLayout_H.app/AutoLayout_H";
			};
			name = Debug;
		};
		D36349D11CA274D2007CE2E5 /* Release */ = {
			isa = XCBuildConfiguration;
			buildSettings = {
				BUNDLE_LOADER = "$(TEST_HOST)";
				INFOPLIST_FILE = AutoLayout_HTests/Info.plist;
				LD_RUNPATH_SEARCH_PATHS = "$(inherited) @executable_path/Frameworks @loader_path/Frameworks";
				PRODUCT_BUNDLE_IDENTIFIER = "com.niat.hyc.AutoLayout-HTests";
				PRODUCT_NAME = "$(TARGET_NAME)";
				TEST_HOST = "$(BUILT_PRODUCTS_DIR)/AutoLayout_H.app/AutoLayout_H";
			};
			name = Release;
		};
/* End XCBuildConfiguration section */

/* Begin XCConfigurationList section */
		D36349A51CA274D2007CE2E5 /* Build configuration list for PBXProject "AutoLayout_H" */ = {
			isa = XCConfigurationList;
			buildConfigurations = (
				D36349CA1CA274D2007CE2E5 /* Debug */,
				D36349CB1CA274D2007CE2E5 /* Release */,
			);
			defaultConfigurationIsVisible = 0;
			defaultConfigurationName = Release;
		};
		D36349CC1CA274D2007CE2E5 /* Build configuration list for PBXNativeTarget "AutoLayout_H" */ = {
			isa = XCConfigurationList;
			buildConfigurations = (
				D36349CD1CA274D2007CE2E5 /* Debug */,
				D36349CE1CA274D2007CE2E5 /* Release */,
			);
			defaultConfigurationIsVisible = 0;
		};
		D36349CF1CA274D2007CE2E5 /* Build configuration list for PBXNativeTarget "AutoLayout_HTests" */ = {
			isa = XCConfigurationList;
			buildConfigurations = (
				D36349D01CA274D2007CE2E5 /* Debug */,
				D36349D11CA274D2007CE2E5 /* Release */,
			);
			defaultConfigurationIsVisible = 0;
		};
/* End XCConfigurationList section */
	};
	rootObject = D36349A21CA274D2007CE2E5 /* Project object */;
}
