// !$*UTF8*$!
{
	archiveVersion = 1;
	classes = {
	};
	objectVersion = 46;
	objects = {

/* Begin PBXBuildFile section */
		D399830A1C9BE47900965BA3 /* main.m in Sources */ = {isa = PBXBuildFile; fileRef = D39983091C9BE47900965BA3 /* main.m */; };
		D399830D1C9BE47900965BA3 /* AppDelegate.m in Sources */ = {isa = PBXBuildFile; fileRef = D399830C1C9BE47900965BA3 /* AppDelegate.m */; };
		D39983101C9BE47900965BA3 /* ViewController.m in Sources */ = {isa = PBXBuildFile; fileRef = D399830F1C9BE47900965BA3 /* ViewController.m */; };
		D39983131C9BE47900965BA3 /* Main.storyboard in Resources */ = {isa = PBXBuildFile; fileRef = D39983111C9BE47900965BA3 /* Main.storyboard */; };
		D39983151C9BE47900965BA3 /* Assets.xcassets in Resources */ = {isa = PBXBuildFile; fileRef = D39983141C9BE47900965BA3 /* Assets.xcassets */; };
		D39983181C9BE47900965BA3 /* LaunchScreen.storyboard in Resources */ = {isa = PBXBuildFile; fileRef = D39983161C9BE47900965BA3 /* LaunchScreen.storyboard */; };
		D39983231C9BE47900965BA3 /* HYCInputObjectTests.m in Sources */ = {isa = PBXBuildFile; fileRef = D39983221C9BE47900965BA3 /* HYCInputObjectTests.m */; };
		D39983321C9BED0800965BA3 /* PushViewController.m in Sources */ = {isa = PBXBuildFile; fileRef = D39983311C9BED0800965BA3 /* PushViewController.m */; };
/* End PBXBuildFile section */

/* Begin PBXContainerItemProxy section */
		D399831F1C9BE47900965BA3 /* PBXContainerItemProxy */ = {
			isa = PBXContainerItemProxy;
			containerPortal = D39982FD1C9BE47900965BA3 /* Project object */;
			proxyType = 1;
			remoteGlobalIDString = D39983041C9BE47900965BA3;
			remoteInfo = HYCInputObject;
		};
/* End PBXContainerItemProxy section */

/* Begin PBXFileReference section */
		D39983051C9BE47900965BA3 /* HYCInputObject.app */ = {isa = PBXFileReference; explicitFileType = wrapper.application; includeInIndex = 0; path = HYCInputObject.app; sourceTree = BUILT_PRODUCTS_DIR; };
		D39983091C9BE47900965BA3 /* main.m */ = {isa = PBXFileReference; lastKnownFileType = sourcecode.c.objc; path = main.m; sourceTree = "<group>"; };
		D399830B1C9BE47900965BA3 /* AppDelegate.h */ = {isa = PBXFileReference; lastKnownFileType = sourcecode.c.h; path = AppDelegate.h; sourceTree = "<group>"; };
		D399830C1C9BE47900965BA3 /* AppDelegate.m */ = {isa = PBXFileReference; lastKnownFileType = sourcecode.c.objc; path = AppDelegate.m; sourceTree = "<group>"; };
		D399830E1C9BE47900965BA3 /* ViewController.h */ = {isa = PBXFileReference; lastKnownFileType = sourcecode.c.h; path = ViewController.h; sourceTree = "<group>"; };
		D399830F1C9BE47900965BA3 /* ViewController.m */ = {isa = PBXFileReference; lastKnownFileType = sourcecode.c.objc; path = ViewController.m; sourceTree = "<group>"; };
		D39983121C9BE47900965BA3 /* Base */ = {isa = PBXFileReference; lastKnownFileType = file.storyboard; name = Base; path = Base.lproj/Main.storyboard; sourceTree = "<group>"; };
		D39983141C9BE47900965BA3 /* Assets.xcassets */ = {isa = PBXFileReference; lastKnownFileType = folder.assetcatalog; path = Assets.xcassets; sourceTree = "<group>"; };
		D39983171C9BE47900965BA3 /* Base */ = {isa = PBXFileReference; lastKnownFileType = file.storyboard; name = Base; path = Base.lproj/LaunchScreen.storyboard; sourceTree = "<group>"; };
		D39983191C9BE47900965BA3 /* Info.plist */ = {isa = PBXFileReference; lastKnownFileType = text.plist.xml; path = Info.plist; sourceTree = "<group>"; };
		D399831E1C9BE47900965BA3 /* HYCInputObjectTests.xctest */ = {isa = PBXFileReference; explicitFileType = wrapper.cfbundle; includeInIndex = 0; path = HYCInputObjectTests.xctest; sourceTree = BUILT_PRODUCTS_DIR; };
		D39983221C9BE47900965BA3 /* HYCInputObjectTests.m */ = {isa = PBXFileReference; lastKnownFileType = sourcecode.c.objc; path = HYCInputObjectTests.m; sourceTree = "<group>"; };
		D39983241C9BE47900965BA3 /* Info.plist */ = {isa = PBXFileReference; lastKnownFileType = text.plist.xml; path = Info.plist; sourceTree = "<group>"; };
		D39983301C9BED0800965BA3 /* PushViewController.h */ = {isa = PBXFileReference; fileEncoding = 4; lastKnownFileType = sourcecode.c.h; name = PushViewController.h; path = ../PushViewController.h; sourceTree = "<group>"; };
		D39983311C9BED0800965BA3 /* PushViewController.m */ = {isa = PBXFileReference; fileEncoding = 4; lastKnownFileType = sourcecode.c.objc; name = PushViewController.m; path = ../PushViewController.m; sourceTree = "<group>"; };
/* End PBXFileReference section */

/* Begin PBXFrameworksBuildPhase section */
		D39983021C9BE47900965BA3 /* Frameworks */ = {
			isa = PBXFrameworksBuildPhase;
			buildActionMask = 2147483647;
			files = (
			);
			runOnlyForDeploymentPostprocessing = 0;
		};
		D399831B1C9BE47900965BA3 /* Frameworks */ = {
			isa = PBXFrameworksBuildPhase;
			buildActionMask = 2147483647;
			files = (
			);
			runOnlyForDeploymentPostprocessing = 0;
		};
/* End PBXFrameworksBuildPhase section */

/* Begin PBXGroup section */
		D39982FC1C9BE47900965BA3 = {
			isa = PBXGroup;
			children = (
				D39983071C9BE47900965BA3 /* HYCInputObject */,
				D39983211C9BE47900965BA3 /* HYCInputObjectTests */,
				D39983061C9BE47900965BA3 /* Products */,
			);
			sourceTree = "<group>";
		};
		D39983061C9BE47900965BA3 /* Products */ = {
			isa = PBXGroup;
			children = (
				D39983051C9BE47900965BA3 /* HYCInputObject.app */,
				D399831E1C9BE47900965BA3 /* HYCInputObjectTests.xctest */,
			);
			name = Products;
			sourceTree = "<group>";
		};
		D39983071C9BE47900965BA3 /* HYCInputObject */ = {
			isa = PBXGroup;
			children = (
				D399830B1C9BE47900965BA3 /* AppDelegate.h */,
				D399830C1C9BE47900965BA3 /* AppDelegate.m */,
				D399830E1C9BE47900965BA3 /* ViewController.h */,
				D399830F1C9BE47900965BA3 /* ViewController.m */,
				D39983301C9BED0800965BA3 /* PushViewController.h */,
				D39983311C9BED0800965BA3 /* PushViewController.m */,
				D39983111C9BE47900965BA3 /* Main.storyboard */,
				D39983141C9BE47900965BA3 /* Assets.xcassets */,
				D39983161C9BE47900965BA3 /* LaunchScreen.storyboard */,
				D39983191C9BE47900965BA3 /* Info.plist */,
				D39983081C9BE47900965BA3 /* Supporting Files */,
			);
			path = HYCInputObject;
			sourceTree = "<group>";
		};
		D39983081C9BE47900965BA3 /* Supporting Files */ = {
			isa = PBXGroup;
			children = (
				D39983091C9BE47900965BA3 /* main.m */,
			);
			name = "Supporting Files";
			sourceTree = "<group>";
		};
		D39983211C9BE47900965BA3 /* HYCInputObjectTests */ = {
			isa = PBXGroup;
			children = (
				D39983221C9BE47900965BA3 /* HYCInputObjectTests.m */,
				D39983241C9BE47900965BA3 /* Info.plist */,
			);
			path = HYCInputObjectTests;
			sourceTree = "<group>";
		};
/* End PBXGroup section */

/* Begin PBXNativeTarget section */
		D39983041C9BE47900965BA3 /* HYCInputObject */ = {
			isa = PBXNativeTarget;
			buildConfigurationList = D39983271C9BE47900965BA3 /* Build configuration list for PBXNativeTarget "HYCInputObject" */;
			buildPhases = (
				D39983011C9BE47900965BA3 /* Sources */,
				D39983021C9BE47900965BA3 /* Frameworks */,
				D39983031C9BE47900965BA3 /* Resources */,
			);
			buildRules = (
			);
			dependencies = (
			);
			name = HYCInputObject;
			productName = HYCInputObject;
			productReference = D39983051C9BE47900965BA3 /* HYCInputObject.app */;
			productType = "com.apple.product-type.application";
		};
		D399831D1C9BE47900965BA3 /* HYCInputObjectTests */ = {
			isa = PBXNativeTarget;
			buildConfigurationList = D399832A1C9BE47900965BA3 /* Build configuration list for PBXNativeTarget "HYCInputObjectTests" */;
			buildPhases = (
				D399831A1C9BE47900965BA3 /* Sources */,
				D399831B1C9BE47900965BA3 /* Frameworks */,
				D399831C1C9BE47900965BA3 /* Resources */,
			);
			buildRules = (
			);
			dependencies = (
				D39983201C9BE47900965BA3 /* PBXTargetDependency */,
			);
			name = HYCInputObjectTests;
			productName = HYCInputObjectTests;
			productReference = D399831E1C9BE47900965BA3 /* HYCInputObjectTests.xctest */;
			productType = "com.apple.product-type.bundle.unit-test";
		};
/* End PBXNativeTarget section */

/* Begin PBXProject section */
		D39982FD1C9BE47900965BA3 /* Project object */ = {
			isa = PBXProject;
			attributes = {
				LastUpgradeCheck = 0720;
				ORGANIZATIONNAME = huangyc;
				TargetAttributes = {
					D39983041C9BE47900965BA3 = {
						CreatedOnToolsVersion = 7.2.1;
						DevelopmentTeam = 2YC4CL2FUJ;
					};
					D399831D1C9BE47900965BA3 = {
						CreatedOnToolsVersion = 7.2.1;
						DevelopmentTeam = 2YC4CL2FUJ;
						TestTargetID = D39983041C9BE47900965BA3;
					};
				};
			};
			buildConfigurationList = D39983001C9BE47900965BA3 /* Build configuration list for PBXProject "HYCInputObject" */;
			compatibilityVersion = "Xcode 3.2";
			developmentRegion = English;
			hasScannedForEncodings = 0;
			knownRegions = (
				en,
				Base,
			);
			mainGroup = D39982FC1C9BE47900965BA3;
			productRefGroup = D39983061C9BE47900965BA3 /* Products */;
			projectDirPath = "";
			projectRoot = "";
			targets = (
				D39983041C9BE47900965BA3 /* HYCInputObject */,
				D399831D1C9BE47900965BA3 /* HYCInputObjectTests */,
			);
		};
/* End PBXProject section */

/* Begin PBXResourcesBuildPhase section */
		D39983031C9BE47900965BA3 /* Resources */ = {
			isa = PBXResourcesBuildPhase;
			buildActionMask = 2147483647;
			files = (
				D39983181C9BE47900965BA3 /* LaunchScreen.storyboard in Resources */,
				D39983151C9BE47900965BA3 /* Assets.xcassets in Resources */,
				D39983131C9BE47900965BA3 /* Main.storyboard in Resources */,
			);
			runOnlyForDeploymentPostprocessing = 0;
		};
		D399831C1C9BE47900965BA3 /* Resources */ = {
			isa = PBXResourcesBuildPhase;
			buildActionMask = 2147483647;
			files = (
			);
			runOnlyForDeploymentPostprocessing = 0;
		};
/* End PBXResourcesBuildPhase section */

/* Begin PBXSourcesBuildPhase section */
		D39983011C9BE47900965BA3 /* Sources */ = {
			isa = PBXSourcesBuildPhase;
			buildActionMask = 2147483647;
			files = (
				D39983101C9BE47900965BA3 /* ViewController.m in Sources */,
				D399830D1C9BE47900965BA3 /* AppDelegate.m in Sources */,
				D39983321C9BED0800965BA3 /* PushViewController.m in Sources */,
				D399830A1C9BE47900965BA3 /* main.m in Sources */,
			);
			runOnlyForDeploymentPostprocessing = 0;
		};
		D399831A1C9BE47900965BA3 /* Sources */ = {
			isa = PBXSourcesBuildPhase;
			buildActionMask = 2147483647;
			files = (
				D39983231C9BE47900965BA3 /* HYCInputObjectTests.m in Sources */,
			);
			runOnlyForDeploymentPostprocessing = 0;
		};
/* End PBXSourcesBuildPhase section */

/* Begin PBXTargetDependency section */
		D39983201C9BE47900965BA3 /* PBXTargetDependency */ = {
			isa = PBXTargetDependency;
			target = D39983041C9BE47900965BA3 /* HYCInputObject */;
			targetProxy = D399831F1C9BE47900965BA3 /* PBXContainerItemProxy */;
		};
/* End PBXTargetDependency section */

/* Begin PBXVariantGroup section */
		D39983111C9BE47900965BA3 /* Main.storyboard */ = {
			isa = PBXVariantGroup;
			children = (
				D39983121C9BE47900965BA3 /* Base */,
			);
			name = Main.storyboard;
			sourceTree = "<group>";
		};
		D39983161C9BE47900965BA3 /* LaunchScreen.storyboard */ = {
			isa = PBXVariantGroup;
			children = (
				D39983171C9BE47900965BA3 /* Base */,
			);
			name = LaunchScreen.storyboard;
			sourceTree = "<group>";
		};
/* End PBXVariantGroup section */

/* Begin XCBuildConfiguration section */
		D39983251C9BE47900965BA3 /* Debug */ = {
			isa = XCBuildConfiguration;
			buildSettings = {
				ALWAYS_SEARCH_USER_PATHS = NO;
				CLANG_CXX_LANGUAGE_STANDARD = "gnu++0x";
				CLANG_CXX_LIBRARY = "libc++";
				CLANG_ENABLE_MODULES = YES;
				CLANG_ENABLE_OBJC_ARC = YES;
				CLANG_WARN_BOOL_CONVERSION = YES;
				CLANG_WARN_CONSTANT_CONVERSION = YES;
				CLANG_WARN_DIRECT_OBJC_ISA_USAGE = YES_ERROR;
				CLANG_WARN_EMPTY_BODY = YES;
				CLANG_WARN_ENUM_CONVERSION = YES;
				CLANG_WARN_INT_CONVERSION = YES;
				CLANG_WARN_OBJC_ROOT_CLASS = YES_ERROR;
				CLANG_WARN_UNREACHABLE_CODE = YES;
				CLANG_WARN__DUPLICATE_METHOD_MATCH = YES;
				"CODE_SIGN_IDENTITY[sdk=iphoneos*]" = "iPhone Developer";
				COPY_PHASE_STRIP = NO;
				DEBUG_INFORMATION_FORMAT = dwarf;
				ENABLE_STRICT_OBJC_MSGSEND = YES;
				ENABLE_TESTABILITY = YES;
				GCC_C_LANGUAGE_STANDARD = gnu99;
				GCC_DYNAMIC_NO_PIC = NO;
				GCC_NO_COMMON_BLOCKS = YES;
				GCC_OPTIMIZATION_LEVEL = 0;
				GCC_PREPROCESSOR_DEFINITIONS = (
					"DEBUG=1",
					"$(inherited)",
				);
				GCC_WARN_64_TO_32_BIT_CONVERSION = YES;
				GCC_WARN_ABOUT_RETURN_TYPE = YES_ERROR;
				GCC_WARN_UNDECLARED_SELECTOR = YES;
				GCC_WARN_UNINITIALIZED_AUTOS = YES_AGGRESSIVE;
				GCC_WARN_UNUSED_FUNCTION = YES;
				GCC_WARN_UNUSED_VARIABLE = YES;
				IPHONEOS_DEPLOYMENT_TARGET = 9.2;
				MTL_ENABLE_DEBUG_INFO = YES;
				ONLY_ACTIVE_ARCH = YES;
				SDKROOT = iphoneos;
				TARGETED_DEVICE_FAMILY = "1,2";
			};
			name = Debug;
		};
		D39983261C9BE47900965BA3 /* Release */ = {
			isa = XCBuildConfiguration;
			buildSettings = {
				ALWAYS_SEARCH_USER_PATHS = NO;
				CLANG_CXX_LANGUAGE_STANDARD = "gnu++0x";
				CLANG_CXX_LIBRARY = "libc++";
				CLANG_ENABLE_MODULES = YES;
				CLANG_ENABLE_OBJC_ARC = YES;
				CLANG_WARN_BOOL_CONVERSION = YES;
				CLANG_WARN_CONSTANT_CONVERSION = YES;
				CLANG_WARN_DIRECT_OBJC_ISA_USAGE = YES_ERROR;
				CLANG_WARN_EMPTY_BODY = YES;
				CLANG_WARN_ENUM_CONVERSION = YES;
				CLANG_WARN_INT_CONVERSION = YES;
				CLANG_WARN_OBJC_ROOT_CLASS = YES_ERROR;
				CLANG_WARN_UNREACHABLE_CODE = YES;
				CLANG_WARN__DUPLICATE_METHOD_MATCH = YES;
				"CODE_SIGN_IDENTITY[sdk=iphoneos*]" = "iPhone Developer";
				COPY_PHASE_STRIP = NO;
				DEBUG_INFORMATION_FORMAT = "dwarf-with-dsym";
				ENABLE_NS_ASSERTIONS = NO;
				ENABLE_STRICT_OBJC_MSGSEND = YES;
				GCC_C_LANGUAGE_STANDARD = gnu99;
				GCC_NO_COMMON_BLOCKS = YES;
				GCC_WARN_64_TO_32_BIT_CONVERSION = YES;
				GCC_WARN_ABOUT_RETURN_TYPE = YES_ERROR;
				GCC_WARN_UNDECLARED_SELECTOR = YES;
				GCC_WARN_UNINITIALIZED_AUTOS = YES_AGGRESSIVE;
				GCC_WARN_UNUSED_FUNCTION = YES;
				GCC_WARN_UNUSED_VARIABLE = YES;
				IPHONEOS_DEPLOYMENT_TARGET = 9.2;
				MTL_ENABLE_DEBUG_INFO = NO;
				SDKROOT = iphoneos;
				TARGETED_DEVICE_FAMILY = "1,2";
				VALIDATE_PRODUCT = YES;
			};
			name = Release;
		};
		D39983281C9BE47900965BA3 /* Debug */ = {
			isa = XCBuildConfiguration;
			buildSettings = {
				ASSETCATALOG_COMPILER_APPICON_NAME = AppIcon;
				INFOPLIST_FILE = HYCInputObject/Info.plist;
				LD_RUNPATH_SEARCH_PATHS = "$(inherited) @executable_path/Frameworks";
				PRODUCT_BUNDLE_IDENTIFIER = com.niat.hyc.HYCInputObject;
				PRODUCT_NAME = "$(TARGET_NAME)";
			};
			name = Debug;
		};
		D39983291C9BE47900965BA3 /* Release */ = {
			isa = XCBuildConfiguration;
			buildSettings = {
				ASSETCATALOG_COMPILER_APPICON_NAME = AppIcon;
				INFOPLIST_FILE = HYCInputObject/Info.plist;
				LD_RUNPATH_SEARCH_PATHS = "$(inherited) @executable_path/Frameworks";
				PRODUCT_BUNDLE_IDENTIFIER = com.niat.hyc.HYCInputObject;
				PRODUCT_NAME = "$(TARGET_NAME)";
			};
			name = Release;
		};
		D399832B1C9BE47900965BA3 /* Debug */ = {
			isa = XCBuildConfiguration;
			buildSettings = {
				BUNDLE_LOADER = "$(TEST_HOST)";
				INFOPLIST_FILE = HYCInputObjectTests/Info.plist;
				LD_RUNPATH_SEARCH_PATHS = "$(inherited) @executable_path/Frameworks @loader_path/Frameworks";
				PRODUCT_BUNDLE_IDENTIFIER = com.niat.hyc.HYCInputObjectTests;
				PRODUCT_NAME = "$(TARGET_NAME)";
				TEST_HOST = "$(BUILT_PRODUCTS_DIR)/HYCInputObject.app/HYCInputObject";
			};
			name = Debug;
		};
		D399832C1C9BE47900965BA3 /* Release */ = {
			isa = XCBuildConfiguration;
			buildSettings = {
				BUNDLE_LOADER = "$(TEST_HOST)";
				INFOPLIST_FILE = HYCInputObjectTests/Info.plist;
				LD_RUNPATH_SEARCH_PATHS = "$(inherited) @executable_path/Frameworks @loader_path/Frameworks";
				PRODUCT_BUNDLE_IDENTIFIER = com.niat.hyc.HYCInputObjectTests;
				PRODUCT_NAME = "$(TARGET_NAME)";
				TEST_HOST = "$(BUILT_PRODUCTS_DIR)/HYCInputObject.app/HYCInputObject";
			};
			name = Release;
		};
/* End XCBuildConfiguration section */

/* Begin XCConfigurationList section */
		D39983001C9BE47900965BA3 /* Build configuration list for PBXProject "HYCInputObject" */ = {
			isa = XCConfigurationList;
			buildConfigurations = (
				D39983251C9BE47900965BA3 /* Debug */,
				D39983261C9BE47900965BA3 /* Release */,
			);
			defaultConfigurationIsVisible = 0;
			defaultConfigurationName = Release;
		};
		D39983271C9BE47900965BA3 /* Build configuration list for PBXNativeTarget "HYCInputObject" */ = {
			isa = XCConfigurationList;
			buildConfigurations = (
				D39983281C9BE47900965BA3 /* Debug */,
				D39983291C9BE47900965BA3 /* Release */,
			);
			defaultConfigurationIsVisible = 0;
		};
		D399832A1C9BE47900965BA3 /* Build configuration list for PBXNativeTarget "HYCInputObjectTests" */ = {
			isa = XCConfigurationList;
			buildConfigurations = (
				D399832B1C9BE47900965BA3 /* Debug */,
				D399832C1C9BE47900965BA3 /* Release */,
			);
			defaultConfigurationIsVisible = 0;
		};
/* End XCConfigurationList section */
	};
	rootObject = D39982FD1C9BE47900965BA3 /* Project object */;
}
