// !$*UTF8*$!
{
	archiveVersion = 1;
	classes = {
	};
	objectVersion = 46;
	objects = {

/* Begin PBXBuildFile section */
		D3D980B21CB687B6009AEF7B /* main.m in Sources */ = {isa = PBXBuildFile; fileRef = D3D980B11CB687B6009AEF7B /* main.m */; };
		D3D980BD1CB6891F009AEF7B /* ElapsedDays.m in Sources */ = {isa = PBXBuildFile; fileRef = D3D980BC1CB6891F009AEF7B /* ElapsedDays.m */; };
/* End PBXBuildFile section */

/* Begin PBXCopyFilesBuildPhase section */
		D3D980AC1CB687B6009AEF7B /* CopyFiles */ = {
			isa = PBXCopyFilesBuildPhase;
			buildActionMask = 2147483647;
			dstPath = /usr/share/man/man1/;
			dstSubfolderSpec = 0;
			files = (
			);
			runOnlyForDeploymentPostprocessing = 1;
		};
/* End PBXCopyFilesBuildPhase section */

/* Begin PBXFileReference section */
		D3D980AE1CB687B6009AEF7B /* Program15_1 */ = {isa = PBXFileReference; explicitFileType = "compiled.mach-o.executable"; includeInIndex = 0; path = Program15_1; sourceTree = BUILT_PRODUCTS_DIR; };
		D3D980B11CB687B6009AEF7B /* main.m */ = {isa = PBXFileReference; lastKnownFileType = sourcecode.c.objc; path = main.m; sourceTree = "<group>"; };
		D3D980BB1CB6891F009AEF7B /* ElapsedDays.h */ = {isa = PBXFileReference; fileEncoding = 4; lastKnownFileType = sourcecode.c.h; path = ElapsedDays.h; sourceTree = "<group>"; };
		D3D980BC1CB6891F009AEF7B /* ElapsedDays.m */ = {isa = PBXFileReference; fileEncoding = 4; lastKnownFileType = sourcecode.c.objc; path = ElapsedDays.m; sourceTree = "<group>"; };
/* End PBXFileReference section */

/* Begin PBXFrameworksBuildPhase section */
		D3D980AB1CB687B6009AEF7B /* Frameworks */ = {
			isa = PBXFrameworksBuildPhase;
			buildActionMask = 2147483647;
			files = (
			);
			runOnlyForDeploymentPostprocessing = 0;
		};
/* End PBXFrameworksBuildPhase section */

/* Begin PBXGroup section */
		D3D980A51CB687B6009AEF7B = {
			isa = PBXGroup;
			children = (
				D3D980B01CB687B6009AEF7B /* Program15_1 */,
				D3D980AF1CB687B6009AEF7B /* Products */,
			);
			sourceTree = "<group>";
		};
		D3D980AF1CB687B6009AEF7B /* Products */ = {
			isa = PBXGroup;
			children = (
				D3D980AE1CB687B6009AEF7B /* Program15_1 */,
			);
			name = Products;
			sourceTree = "<group>";
		};
		D3D980B01CB687B6009AEF7B /* Program15_1 */ = {
			isa = PBXGroup;
			children = (
				D3D980B11CB687B6009AEF7B /* main.m */,
				D3D980BB1CB6891F009AEF7B /* ElapsedDays.h */,
				D3D980BC1CB6891F009AEF7B /* ElapsedDays.m */,
			);
			path = Program15_1;
			sourceTree = "<group>";
		};
/* End PBXGroup section */

/* Begin PBXNativeTarget section */
		D3D980AD1CB687B6009AEF7B /* Program15_1 */ = {
			isa = PBXNativeTarget;
			buildConfigurationList = D3D980B51CB687B6009AEF7B /* Build configuration list for PBXNativeTarget "Program15_1" */;
			buildPhases = (
				D3D980AA1CB687B6009AEF7B /* Sources */,
				D3D980AB1CB687B6009AEF7B /* Frameworks */,
				D3D980AC1CB687B6009AEF7B /* CopyFiles */,
			);
			buildRules = (
			);
			dependencies = (
			);
			name = Program15_1;
			productName = Program15_1;
			productReference = D3D980AE1CB687B6009AEF7B /* Program15_1 */;
			productType = "com.apple.product-type.tool";
		};
/* End PBXNativeTarget section */

/* Begin PBXProject section */
		D3D980A61CB687B6009AEF7B /* Project object */ = {
			isa = PBXProject;
			attributes = {
				LastUpgradeCheck = 0730;
				ORGANIZATIONNAME = huangyc;
				TargetAttributes = {
					D3D980AD1CB687B6009AEF7B = {
						CreatedOnToolsVersion = 7.3;
					};
				};
			};
			buildConfigurationList = D3D980A91CB687B6009AEF7B /* Build configuration list for PBXProject "Program15_1" */;
			compatibilityVersion = "Xcode 3.2";
			developmentRegion = English;
			hasScannedForEncodings = 0;
			knownRegions = (
				en,
			);
			mainGroup = D3D980A51CB687B6009AEF7B;
			productRefGroup = D3D980AF1CB687B6009AEF7B /* Products */;
			projectDirPath = "";
			projectRoot = "";
			targets = (
				D3D980AD1CB687B6009AEF7B /* Program15_1 */,
			);
		};
/* End PBXProject section */

/* Begin PBXSourcesBuildPhase section */
		D3D980AA1CB687B6009AEF7B /* Sources */ = {
			isa = PBXSourcesBuildPhase;
			buildActionMask = 2147483647;
			files = (
				D3D980B21CB687B6009AEF7B /* main.m in Sources */,
				D3D980BD1CB6891F009AEF7B /* ElapsedDays.m in Sources */,
			);
			runOnlyForDeploymentPostprocessing = 0;
		};
/* End PBXSourcesBuildPhase section */

/* Begin XCBuildConfiguration section */
		D3D980B31CB687B6009AEF7B /* Debug */ = {
			isa = XCBuildConfiguration;
			buildSettings = {
				ALWAYS_SEARCH_USER_PATHS = NO;
				CLANG_ANALYZER_NONNULL = YES;
				CLANG_CXX_LANGUAGE_STANDARD = "gnu++0x";
				CLANG_CXX_LIBRARY = "libc++";
				CLANG_ENABLE_MODULES = YES;
				CLANG_ENABLE_OBJC_ARC = YES;
				CLANG_WARN_BOOL_CONVERSION = YES;
				CLANG_WARN_CONSTANT_CONVERSION = YES;
				CLANG_WARN_DIRECT_OBJC_ISA_USAGE = YES_ERROR;
				CLANG_WARN_EMPTY_BODY = YES;
				CLANG_WARN_ENUM_CONVERSION = YES;
				CLANG_WARN_INT_CONVERSION = YES;
				CLANG_WARN_OBJC_ROOT_CLASS = YES_ERROR;
				CLANG_WARN_UNREACHABLE_CODE = YES;
				CLANG_WARN__DUPLICATE_METHOD_MATCH = YES;
				CODE_SIGN_IDENTITY = "-";
				COPY_PHASE_STRIP = NO;
				DEBUG_INFORMATION_FORMAT = dwarf;
				ENABLE_STRICT_OBJC_MSGSEND = YES;
				ENABLE_TESTABILITY = YES;
				GCC_C_LANGUAGE_STANDARD = gnu99;
				GCC_DYNAMIC_NO_PIC = NO;
				GCC_NO_COMMON_BLOCKS = YES;
				GCC_OPTIMIZATION_LEVEL = 0;
				GCC_PREPROCESSOR_DEFINITIONS = (
					"DEBUG=1",
					"$(inherited)",
				);
				GCC_WARN_64_TO_32_BIT_CONVERSION = YES;
				GCC_WARN_ABOUT_RETURN_TYPE = YES_ERROR;
				GCC_WARN_UNDECLARED_SELECTOR = YES;
				GCC_WARN_UNINITIALIZED_AUTOS = YES_AGGRESSIVE;
				GCC_WARN_UNUSED_FUNCTION = YES;
				GCC_WARN_UNUSED_VARIABLE = YES;
				MACOSX_DEPLOYMENT_TARGET = 10.11;
				MTL_ENABLE_DEBUG_INFO = YES;
				ONLY_ACTIVE_ARCH = YES;
				SDKROOT = macosx;
			};
			name = Debug;
		};
		D3D980B41CB687B6009AEF7B /* Release */ = {
			isa = XCBuildConfiguration;
			buildSettings = {
				ALWAYS_SEARCH_USER_PATHS = NO;
				CLANG_ANALYZER_NONNULL = YES;
				CLANG_CXX_LANGUAGE_STANDARD = "gnu++0x";
				CLANG_CXX_LIBRARY = "libc++";
				CLANG_ENABLE_MODULES = YES;
				CLANG_ENABLE_OBJC_ARC = YES;
				CLANG_WARN_BOOL_CONVERSION = YES;
				CLANG_WARN_CONSTANT_CONVERSION = YES;
				CLANG_WARN_DIRECT_OBJC_ISA_USAGE = YES_ERROR;
				CLANG_WARN_EMPTY_BODY = YES;
				CLANG_WARN_ENUM_CONVERSION = YES;
				CLANG_WARN_INT_CONVERSION = YES;
				CLANG_WARN_OBJC_ROOT_CLASS = YES_ERROR;
				CLANG_WARN_UNREACHABLE_CODE = YES;
				CLANG_WARN__DUPLICATE_METHOD_MATCH = YES;
				CODE_SIGN_IDENTITY = "-";
				COPY_PHASE_STRIP = NO;
				DEBUG_INFORMATION_FORMAT = "dwarf-with-dsym";
				ENABLE_NS_ASSERTIONS = NO;
				ENABLE_STRICT_OBJC_MSGSEND = YES;
				GCC_C_LANGUAGE_STANDARD = gnu99;
				GCC_NO_COMMON_BLOCKS = YES;
				GCC_WARN_64_TO_32_BIT_CONVERSION = YES;
				GCC_WARN_ABOUT_RETURN_TYPE = YES_ERROR;
				GCC_WARN_UNDECLARED_SELECTOR = YES;
				GCC_WARN_UNINITIALIZED_AUTOS = YES_AGGRESSIVE;
				GCC_WARN_UNUSED_FUNCTION = YES;
				GCC_WARN_UNUSED_VARIABLE = YES;
				MACOSX_DEPLOYMENT_TARGET = 10.11;
				MTL_ENABLE_DEBUG_INFO = NO;
				SDKROOT = macosx;
			};
			name = Release;
		};
		D3D980B61CB687B6009AEF7B /* Debug */ = {
			isa = XCBuildConfiguration;
			buildSettings = {
				PRODUCT_NAME = "$(TARGET_NAME)";
			};
			name = Debug;
		};
		D3D980B71CB687B6009AEF7B /* Release */ = {
			isa = XCBuildConfiguration;
			buildSettings = {
				PRODUCT_NAME = "$(TARGET_NAME)";
			};
			name = Release;
		};
/* End XCBuildConfiguration section */

/* Begin XCConfigurationList section */
		D3D980A91CB687B6009AEF7B /* Build configuration list for PBXProject "Program15_1" */ = {
			isa = XCConfigurationList;
			buildConfigurations = (
				D3D980B31CB687B6009AEF7B /* Debug */,
				D3D980B41CB687B6009AEF7B /* Release */,
			);
			defaultConfigurationIsVisible = 0;
			defaultConfigurationName = Release;
		};
		D3D980B51CB687B6009AEF7B /* Build configuration list for PBXNativeTarget "Program15_1" */ = {
			isa = XCConfigurationList;
			buildConfigurations = (
				D3D980B61CB687B6009AEF7B /* Debug */,
				D3D980B71CB687B6009AEF7B /* Release */,
			);
			defaultConfigurationIsVisible = 0;
		};
/* End XCConfigurationList section */
	};
	rootObject = D3D980A61CB687B6009AEF7B /* Project object */;
}
