// !$*UTF8*$!
{
	archiveVersion = 1;
	classes = {
	};
	objectVersion = 46;
	objects = {

/* Begin PBXBuildFile section */
		D36349E01CA289C7007CE2E5 /* main.m in Sources */ = {isa = PBXBuildFile; fileRef = D36349DF1CA289C7007CE2E5 /* main.m */; };
		D36349E31CA289C7007CE2E5 /* AppDelegate.m in Sources */ = {isa = PBXBuildFile; fileRef = D36349E21CA289C7007CE2E5 /* AppDelegate.m */; };
		D36349E61CA289C7007CE2E5 /* ViewController.m in Sources */ = {isa = PBXBuildFile; fileRef = D36349E51CA289C7007CE2E5 /* ViewController.m */; };
		D36349E91CA289C7007CE2E5 /* Main.storyboard in Resources */ = {isa = PBXBuildFile; fileRef = D36349E71CA289C7007CE2E5 /* Main.storyboard */; };
		D36349EB1CA289C7007CE2E5 /* Assets.xcassets in Resources */ = {isa = PBXBuildFile; fileRef = D36349EA1CA289C7007CE2E5 /* Assets.xcassets */; };
		D36349EE1CA289C7007CE2E5 /* LaunchScreen.storyboard in Resources */ = {isa = PBXBuildFile; fileRef = D36349EC1CA289C7007CE2E5 /* LaunchScreen.storyboard */; };
		D36349F91CA289C7007CE2E5 /* AbstractTests.m in Sources */ = {isa = PBXBuildFile; fileRef = D36349F81CA289C7007CE2E5 /* AbstractTests.m */; };
/* End PBXBuildFile section */

/* Begin PBXContainerItemProxy section */
		D36349F51CA289C7007CE2E5 /* PBXContainerItemProxy */ = {
			isa = PBXContainerItemProxy;
			containerPortal = D36349D31CA289C7007CE2E5 /* Project object */;
			proxyType = 1;
			remoteGlobalIDString = D36349DA1CA289C7007CE2E5;
			remoteInfo = Abstract;
		};
/* End PBXContainerItemProxy section */

/* Begin PBXFileReference section */
		D36349DB1CA289C7007CE2E5 /* Abstract.app */ = {isa = PBXFileReference; explicitFileType = wrapper.application; includeInIndex = 0; path = Abstract.app; sourceTree = BUILT_PRODUCTS_DIR; };
		D36349DF1CA289C7007CE2E5 /* main.m */ = {isa = PBXFileReference; lastKnownFileType = sourcecode.c.objc; path = main.m; sourceTree = "<group>"; };
		D36349E11CA289C7007CE2E5 /* AppDelegate.h */ = {isa = PBXFileReference; lastKnownFileType = sourcecode.c.h; path = AppDelegate.h; sourceTree = "<group>"; };
		D36349E21CA289C7007CE2E5 /* AppDelegate.m */ = {isa = PBXFileReference; lastKnownFileType = sourcecode.c.objc; path = AppDelegate.m; sourceTree = "<group>"; };
		D36349E41CA289C7007CE2E5 /* ViewController.h */ = {isa = PBXFileReference; lastKnownFileType = sourcecode.c.h; path = ViewController.h; sourceTree = "<group>"; };
		D36349E51CA289C7007CE2E5 /* ViewController.m */ = {isa = PBXFileReference; lastKnownFileType = sourcecode.c.objc; path = ViewController.m; sourceTree = "<group>"; };
		D36349E81CA289C7007CE2E5 /* Base */ = {isa = PBXFileReference; lastKnownFileType = file.storyboard; name = Base; path = Base.lproj/Main.storyboard; sourceTree = "<group>"; };
		D36349EA1CA289C7007CE2E5 /* Assets.xcassets */ = {isa = PBXFileReference; lastKnownFileType = folder.assetcatalog; path = Assets.xcassets; sourceTree = "<group>"; };
		D36349ED1CA289C7007CE2E5 /* Base */ = {isa = PBXFileReference; lastKnownFileType = file.storyboard; name = Base; path = Base.lproj/LaunchScreen.storyboard; sourceTree = "<group>"; };
		D36349EF1CA289C7007CE2E5 /* Info.plist */ = {isa = PBXFileReference; lastKnownFileType = text.plist.xml; path = Info.plist; sourceTree = "<group>"; };
		D36349F41CA289C7007CE2E5 /* AbstractTests.xctest */ = {isa = PBXFileReference; explicitFileType = wrapper.cfbundle; includeInIndex = 0; path = AbstractTests.xctest; sourceTree = BUILT_PRODUCTS_DIR; };
		D36349F81CA289C7007CE2E5 /* AbstractTests.m */ = {isa = PBXFileReference; lastKnownFileType = sourcecode.c.objc; path = AbstractTests.m; sourceTree = "<group>"; };
		D36349FA1CA289C7007CE2E5 /* Info.plist */ = {isa = PBXFileReference; lastKnownFileType = text.plist.xml; path = Info.plist; sourceTree = "<group>"; };
/* End PBXFileReference section */

/* Begin PBXFrameworksBuildPhase section */
		D36349D81CA289C7007CE2E5 /* Frameworks */ = {
			isa = PBXFrameworksBuildPhase;
			buildActionMask = 2147483647;
			files = (
			);
			runOnlyForDeploymentPostprocessing = 0;
		};
		D36349F11CA289C7007CE2E5 /* Frameworks */ = {
			isa = PBXFrameworksBuildPhase;
			buildActionMask = 2147483647;
			files = (
			);
			runOnlyForDeploymentPostprocessing = 0;
		};
/* End PBXFrameworksBuildPhase section */

/* Begin PBXGroup section */
		D36349D21CA289C7007CE2E5 = {
			isa = PBXGroup;
			children = (
				D36349DD1CA289C7007CE2E5 /* Abstract */,
				D36349F71CA289C7007CE2E5 /* AbstractTests */,
				D36349DC1CA289C7007CE2E5 /* Products */,
			);
			sourceTree = "<group>";
		};
		D36349DC1CA289C7007CE2E5 /* Products */ = {
			isa = PBXGroup;
			children = (
				D36349DB1CA289C7007CE2E5 /* Abstract.app */,
				D36349F41CA289C7007CE2E5 /* AbstractTests.xctest */,
			);
			name = Products;
			sourceTree = "<group>";
		};
		D36349DD1CA289C7007CE2E5 /* Abstract */ = {
			isa = PBXGroup;
			children = (
				D36349E11CA289C7007CE2E5 /* AppDelegate.h */,
				D36349E21CA289C7007CE2E5 /* AppDelegate.m */,
				D36349E41CA289C7007CE2E5 /* ViewController.h */,
				D36349E51CA289C7007CE2E5 /* ViewController.m */,
				D36349E71CA289C7007CE2E5 /* Main.storyboard */,
				D36349EA1CA289C7007CE2E5 /* Assets.xcassets */,
				D36349EC1CA289C7007CE2E5 /* LaunchScreen.storyboard */,
				D36349EF1CA289C7007CE2E5 /* Info.plist */,
				D36349DE1CA289C7007CE2E5 /* Supporting Files */,
			);
			path = Abstract;
			sourceTree = "<group>";
		};
		D36349DE1CA289C7007CE2E5 /* Supporting Files */ = {
			isa = PBXGroup;
			children = (
				D36349DF1CA289C7007CE2E5 /* main.m */,
			);
			name = "Supporting Files";
			sourceTree = "<group>";
		};
		D36349F71CA289C7007CE2E5 /* AbstractTests */ = {
			isa = PBXGroup;
			children = (
				D36349F81CA289C7007CE2E5 /* AbstractTests.m */,
				D36349FA1CA289C7007CE2E5 /* Info.plist */,
			);
			path = AbstractTests;
			sourceTree = "<group>";
		};
/* End PBXGroup section */

/* Begin PBXNativeTarget section */
		D36349DA1CA289C7007CE2E5 /* Abstract */ = {
			isa = PBXNativeTarget;
			buildConfigurationList = D36349FD1CA289C7007CE2E5 /* Build configuration list for PBXNativeTarget "Abstract" */;
			buildPhases = (
				D36349D71CA289C7007CE2E5 /* Sources */,
				D36349D81CA289C7007CE2E5 /* Frameworks */,
				D36349D91CA289C7007CE2E5 /* Resources */,
			);
			buildRules = (
			);
			dependencies = (
			);
			name = Abstract;
			productName = Abstract;
			productReference = D36349DB1CA289C7007CE2E5 /* Abstract.app */;
			productType = "com.apple.product-type.application";
		};
		D36349F31CA289C7007CE2E5 /* AbstractTests */ = {
			isa = PBXNativeTarget;
			buildConfigurationList = D3634A001CA289C7007CE2E5 /* Build configuration list for PBXNativeTarget "AbstractTests" */;
			buildPhases = (
				D36349F01CA289C7007CE2E5 /* Sources */,
				D36349F11CA289C7007CE2E5 /* Frameworks */,
				D36349F21CA289C7007CE2E5 /* Resources */,
			);
			buildRules = (
			);
			dependencies = (
				D36349F61CA289C7007CE2E5 /* PBXTargetDependency */,
			);
			name = AbstractTests;
			productName = AbstractTests;
			productReference = D36349F41CA289C7007CE2E5 /* AbstractTests.xctest */;
			productType = "com.apple.product-type.bundle.unit-test";
		};
/* End PBXNativeTarget section */

/* Begin PBXProject section */
		D36349D31CA289C7007CE2E5 /* Project object */ = {
			isa = PBXProject;
			attributes = {
				LastUpgradeCheck = 0720;
				ORGANIZATIONNAME = huangyc;
				TargetAttributes = {
					D36349DA1CA289C7007CE2E5 = {
						CreatedOnToolsVersion = 7.2.1;
						DevelopmentTeam = 2YC4CL2FUJ;
					};
					D36349F31CA289C7007CE2E5 = {
						CreatedOnToolsVersion = 7.2.1;
						DevelopmentTeam = 2YC4CL2FUJ;
						TestTargetID = D36349DA1CA289C7007CE2E5;
					};
				};
			};
			buildConfigurationList = D36349D61CA289C7007CE2E5 /* Build configuration list for PBXProject "Abstract" */;
			compatibilityVersion = "Xcode 3.2";
			developmentRegion = English;
			hasScannedForEncodings = 0;
			knownRegions = (
				en,
				Base,
			);
			mainGroup = D36349D21CA289C7007CE2E5;
			productRefGroup = D36349DC1CA289C7007CE2E5 /* Products */;
			projectDirPath = "";
			projectRoot = "";
			targets = (
				D36349DA1CA289C7007CE2E5 /* Abstract */,
				D36349F31CA289C7007CE2E5 /* AbstractTests */,
			);
		};
/* End PBXProject section */

/* Begin PBXResourcesBuildPhase section */
		D36349D91CA289C7007CE2E5 /* Resources */ = {
			isa = PBXResourcesBuildPhase;
			buildActionMask = 2147483647;
			files = (
				D36349EE1CA289C7007CE2E5 /* LaunchScreen.storyboard in Resources */,
				D36349EB1CA289C7007CE2E5 /* Assets.xcassets in Resources */,
				D36349E91CA289C7007CE2E5 /* Main.storyboard in Resources */,
			);
			runOnlyForDeploymentPostprocessing = 0;
		};
		D36349F21CA289C7007CE2E5 /* Resources */ = {
			isa = PBXResourcesBuildPhase;
			buildActionMask = 2147483647;
			files = (
			);
			runOnlyForDeploymentPostprocessing = 0;
		};
/* End PBXResourcesBuildPhase section */

/* Begin PBXSourcesBuildPhase section */
		D36349D71CA289C7007CE2E5 /* Sources */ = {
			isa = PBXSourcesBuildPhase;
			buildActionMask = 2147483647;
			files = (
				D36349E61CA289C7007CE2E5 /* ViewController.m in Sources */,
				D36349E31CA289C7007CE2E5 /* AppDelegate.m in Sources */,
				D36349E01CA289C7007CE2E5 /* main.m in Sources */,
			);
			runOnlyForDeploymentPostprocessing = 0;
		};
		D36349F01CA289C7007CE2E5 /* Sources */ = {
			isa = PBXSourcesBuildPhase;
			buildActionMask = 2147483647;
			files = (
				D36349F91CA289C7007CE2E5 /* AbstractTests.m in Sources */,
			);
			runOnlyForDeploymentPostprocessing = 0;
		};
/* End PBXSourcesBuildPhase section */

/* Begin PBXTargetDependency section */
		D36349F61CA289C7007CE2E5 /* PBXTargetDependency */ = {
			isa = PBXTargetDependency;
			target = D36349DA1CA289C7007CE2E5 /* Abstract */;
			targetProxy = D36349F51CA289C7007CE2E5 /* PBXContainerItemProxy */;
		};
/* End PBXTargetDependency section */

/* Begin PBXVariantGroup section */
		D36349E71CA289C7007CE2E5 /* Main.storyboard */ = {
			isa = PBXVariantGroup;
			children = (
				D36349E81CA289C7007CE2E5 /* Base */,
			);
			name = Main.storyboard;
			sourceTree = "<group>";
		};
		D36349EC1CA289C7007CE2E5 /* LaunchScreen.storyboard */ = {
			isa = PBXVariantGroup;
			children = (
				D36349ED1CA289C7007CE2E5 /* Base */,
			);
			name = LaunchScreen.storyboard;
			sourceTree = "<group>";
		};
/* End PBXVariantGroup section */

/* Begin XCBuildConfiguration section */
		D36349FB1CA289C7007CE2E5 /* Debug */ = {
			isa = XCBuildConfiguration;
			buildSettings = {
				ALWAYS_SEARCH_USER_PATHS = NO;
				CLANG_CXX_LANGUAGE_STANDARD = "gnu++0x";
				CLANG_CXX_LIBRARY = "libc++";
				CLANG_ENABLE_MODULES = YES;
				CLANG_ENABLE_OBJC_ARC = YES;
				CLANG_WARN_BOOL_CONVERSION = YES;
				CLANG_WARN_CONSTANT_CONVERSION = YES;
				CLANG_WARN_DIRECT_OBJC_ISA_USAGE = YES_ERROR;
				CLANG_WARN_EMPTY_BODY = YES;
				CLANG_WARN_ENUM_CONVERSION = YES;
				CLANG_WARN_INT_CONVERSION = YES;
				CLANG_WARN_OBJC_ROOT_CLASS = YES_ERROR;
				CLANG_WARN_UNREACHABLE_CODE = YES;
				CLANG_WARN__DUPLICATE_METHOD_MATCH = YES;
				"CODE_SIGN_IDENTITY[sdk=iphoneos*]" = "iPhone Developer";
				COPY_PHASE_STRIP = NO;
				DEBUG_INFORMATION_FORMAT = dwarf;
				ENABLE_STRICT_OBJC_MSGSEND = YES;
				ENABLE_TESTABILITY = YES;
				GCC_C_LANGUAGE_STANDARD = gnu99;
				GCC_DYNAMIC_NO_PIC = NO;
				GCC_NO_COMMON_BLOCKS = YES;
				GCC_OPTIMIZATION_LEVEL = 0;
				GCC_PREPROCESSOR_DEFINITIONS = (
					"DEBUG=1",
					"$(inherited)",
				);
				GCC_WARN_64_TO_32_BIT_CONVERSION = YES;
				GCC_WARN_ABOUT_RETURN_TYPE = YES_ERROR;
				GCC_WARN_UNDECLARED_SELECTOR = YES;
				GCC_WARN_UNINITIALIZED_AUTOS = YES_AGGRESSIVE;
				GCC_WARN_UNUSED_FUNCTION = YES;
				GCC_WARN_UNUSED_VARIABLE = YES;
				IPHONEOS_DEPLOYMENT_TARGET = 9.2;
				MTL_ENABLE_DEBUG_INFO = YES;
				ONLY_ACTIVE_ARCH = YES;
				SDKROOT = iphoneos;
				TARGETED_DEVICE_FAMILY = "1,2";
			};
			name = Debug;
		};
		D36349FC1CA289C7007CE2E5 /* Release */ = {
			isa = XCBuildConfiguration;
			buildSettings = {
				ALWAYS_SEARCH_USER_PATHS = NO;
				CLANG_CXX_LANGUAGE_STANDARD = "gnu++0x";
				CLANG_CXX_LIBRARY = "libc++";
				CLANG_ENABLE_MODULES = YES;
				CLANG_ENABLE_OBJC_ARC = YES;
				CLANG_WARN_BOOL_CONVERSION = YES;
				CLANG_WARN_CONSTANT_CONVERSION = YES;
				CLANG_WARN_DIRECT_OBJC_ISA_USAGE = YES_ERROR;
				CLANG_WARN_EMPTY_BODY = YES;
				CLANG_WARN_ENUM_CONVERSION = YES;
				CLANG_WARN_INT_CONVERSION = YES;
				CLANG_WARN_OBJC_ROOT_CLASS = YES_ERROR;
				CLANG_WARN_UNREACHABLE_CODE = YES;
				CLANG_WARN__DUPLICATE_METHOD_MATCH = YES;
				"CODE_SIGN_IDENTITY[sdk=iphoneos*]" = "iPhone Developer";
				COPY_PHASE_STRIP = NO;
				DEBUG_INFORMATION_FORMAT = "dwarf-with-dsym";
				ENABLE_NS_ASSERTIONS = NO;
				ENABLE_STRICT_OBJC_MSGSEND = YES;
				GCC_C_LANGUAGE_STANDARD = gnu99;
				GCC_NO_COMMON_BLOCKS = YES;
				GCC_WARN_64_TO_32_BIT_CONVERSION = YES;
				GCC_WARN_ABOUT_RETURN_TYPE = YES_ERROR;
				GCC_WARN_UNDECLARED_SELECTOR = YES;
				GCC_WARN_UNINITIALIZED_AUTOS = YES_AGGRESSIVE;
				GCC_WARN_UNUSED_FUNCTION = YES;
				GCC_WARN_UNUSED_VARIABLE = YES;
				IPHONEOS_DEPLOYMENT_TARGET = 9.2;
				MTL_ENABLE_DEBUG_INFO = NO;
				SDKROOT = iphoneos;
				TARGETED_DEVICE_FAMILY = "1,2";
				VALIDATE_PRODUCT = YES;
			};
			name = Release;
		};
		D36349FE1CA289C7007CE2E5 /* Debug */ = {
			isa = XCBuildConfiguration;
			buildSettings = {
				ASSETCATALOG_COMPILER_APPICON_NAME = AppIcon;
				INFOPLIST_FILE = Abstract/Info.plist;
				LD_RUNPATH_SEARCH_PATHS = "$(inherited) @executable_path/Frameworks";
				PRODUCT_BUNDLE_IDENTIFIER = com.niat.hyc.Abstract;
				PRODUCT_NAME = "$(TARGET_NAME)";
			};
			name = Debug;
		};
		D36349FF1CA289C7007CE2E5 /* Release */ = {
			isa = XCBuildConfiguration;
			buildSettings = {
				ASSETCATALOG_COMPILER_APPICON_NAME = AppIcon;
				INFOPLIST_FILE = Abstract/Info.plist;
				LD_RUNPATH_SEARCH_PATHS = "$(inherited) @executable_path/Frameworks";
				PRODUCT_BUNDLE_IDENTIFIER = com.niat.hyc.Abstract;
				PRODUCT_NAME = "$(TARGET_NAME)";
			};
			name = Release;
		};
		D3634A011CA289C7007CE2E5 /* Debug */ = {
			isa = XCBuildConfiguration;
			buildSettings = {
				BUNDLE_LOADER = "$(TEST_HOST)";
				INFOPLIST_FILE = AbstractTests/Info.plist;
				LD_RUNPATH_SEARCH_PATHS = "$(inherited) @executable_path/Frameworks @loader_path/Frameworks";
				PRODUCT_BUNDLE_IDENTIFIER = com.niat.hyc.AbstractTests;
				PRODUCT_NAME = "$(TARGET_NAME)";
				TEST_HOST = "$(BUILT_PRODUCTS_DIR)/Abstract.app/Abstract";
			};
			name = Debug;
		};
		D3634A021CA289C7007CE2E5 /* Release */ = {
			isa = XCBuildConfiguration;
			buildSettings = {
				BUNDLE_LOADER = "$(TEST_HOST)";
				INFOPLIST_FILE = AbstractTests/Info.plist;
				LD_RUNPATH_SEARCH_PATHS = "$(inherited) @executable_path/Frameworks @loader_path/Frameworks";
				PRODUCT_BUNDLE_IDENTIFIER = com.niat.hyc.AbstractTests;
				PRODUCT_NAME = "$(TARGET_NAME)";
				TEST_HOST = "$(BUILT_PRODUCTS_DIR)/Abstract.app/Abstract";
			};
			name = Release;
		};
/* End XCBuildConfiguration section */

/* Begin XCConfigurationList section */
		D36349D61CA289C7007CE2E5 /* Build configuration list for PBXProject "Abstract" */ = {
			isa = XCConfigurationList;
			buildConfigurations = (
				D36349FB1CA289C7007CE2E5 /* Debug */,
				D36349FC1CA289C7007CE2E5 /* Release */,
			);
			defaultConfigurationIsVisible = 0;
			defaultConfigurationName = Release;
		};
		D36349FD1CA289C7007CE2E5 /* Build configuration list for PBXNativeTarget "Abstract" */ = {
			isa = XCConfigurationList;
			buildConfigurations = (
				D36349FE1CA289C7007CE2E5 /* Debug */,
				D36349FF1CA289C7007CE2E5 /* Release */,
			);
			defaultConfigurationIsVisible = 0;
		};
		D3634A001CA289C7007CE2E5 /* Build configuration list for PBXNativeTarget "AbstractTests" */ = {
			isa = XCConfigurationList;
			buildConfigurations = (
				D3634A011CA289C7007CE2E5 /* Debug */,
				D3634A021CA289C7007CE2E5 /* Release */,
			);
			defaultConfigurationIsVisible = 0;
		};
/* End XCConfigurationList section */
	};
	rootObject = D36349D31CA289C7007CE2E5 /* Project object */;
}
